<?xml version="1.0" encoding="utf-8"?>
<Project ToolsVersion="4.0" xmlns="http://schemas.microsoft.com/developer/msbuild/2003">
  <ItemGroup>
    <Filter Include="Generated Files">
      <UniqueIdentifier>{03c31265-b3b3-4e34-ad2e-063cb1760500}</UniqueIdentifier>
    </Filter>
    <Filter Include="Source Files">
      <UniqueIdentifier>{3c48d1b5-270f-4377-92f3-cbbad1722d25}</UniqueIdentifier>
      <Extensions>cpp;c;edl;def;</Extensions>
    </Filter>
    <Filter Include="Header Files">
      <UniqueIdentifier>{a816dd53-7344-437f-87b0-a2812928db1d}</UniqueIdentifier>
      <Extensions>h;hpp;</Extensions>
    </Filter>
    <Filter Include="Resource Files">
      <UniqueIdentifier>{72bc7f56-805b-4b98-869c-b90645f76370}</UniqueIdentifier>
      <Extensions>rc;xml;pem;</Extensions>
    </Filter>
  </ItemGroup>
  <ItemGroup>
    <ClCompile Include="optee\files_optee.c">
      <Filter>Source Files</Filter>
    </ClCompile>
    <ClCompile Include="sgx\files_sgx.c">
      <Filter>Source Files</Filter>
    </ClCompile>
    <ClCompile Include="stdio_enc.c">
      <Filter>Source Files</Filter>
    </ClCompile>
  </ItemGroup>
  <ItemGroup>
    <ClInclude Include="stdio_args.h">
      <Filter>Generated Files</Filter>
    </ClInclude>
    <ClInclude Include="stdio_t.h">
      <Filter>Generated Files</Filter>
    </ClInclude>
    <ClInclude Include="enclavelibc.h">
      <Filter>Source Files</Filter>
    </ClInclude>
  </ItemGroup>
  <ItemGroup>
    <CustomBuild Include="..\..\..\include\openenclave\stdio.edl">
      <Filter>Source Files</Filter>
    </CustomBuild>
  </ItemGroup>
</Project>