<?xml version="1.0" encoding="utf-8"?>
<Project ToolsVersion="4.0" xmlns="http://schemas.microsoft.com/developer/msbuild/2003">
  <ItemGroup>
    <Filter Include="optee">
      <UniqueIdentifier>{07c35a2f-e697-4d54-a752-93240faf934b}</UniqueIdentifier>
    </Filter>
    <Filter Include="sgx">
      <UniqueIdentifier>{5579f832-d3b9-4d14-bfb2-d109e5808a34}</UniqueIdentifier>
    </Filter>
    <Filter Include="GeneratedFiles">
      <UniqueIdentifier>{320148f5-bb31-46ab-a5f3-6bae1f158749}</UniqueIdentifier>
    </Filter>
    <Filter Include="common">
      <UniqueIdentifier>{743ac63d-2f85-49d4-ac67-53d172f7c58e}</UniqueIdentifier>
    </Filter>
    <Filter Include="common\riot">
      <UniqueIdentifier>{85dba034-dc61-4193-8477-d4d02d426361}</UniqueIdentifier>
    </Filter>
  </ItemGroup>
  <ItemGroup>
    <ClCompile Include="optee\ctype-optee.c">
      <Filter>optee</Filter>
    </ClCompile>
    <ClCompile Include="optee\files-optee.c">
      <Filter>optee</Filter>
    </ClCompile>
    <ClCompile Include="optee\strings-optee.c">
      <Filter>optee</Filter>
    </ClCompile>
    <ClCompile Include="sgx\files-sgx.c">
      <Filter>sgx</Filter>
    </ClCompile>
    <ClCompile Include="sgx\strings-sgx.c">
      <Filter>sgx</Filter>
    </ClCompile>
    <ClCompile Include="sgx\time-sgx.c">
      <Filter>sgx</Filter>
    </ClCompile>
    <ClCompile Include="CallbackHelper.c">
      <Filter>common</Filter>
    </ClCompile>
    <ClCompile Include="tcps_stdio_t.c">
      <Filter>common</Filter>
    </ClCompile>
    <ClCompile Include="keygen.c">
      <Filter>common</Filter>
    </ClCompile>
    <ClCompile Include="tcps_string_t.c">
      <Filter>common</Filter>
    </ClCompile>
    <ClCompile Include="TcpsLogApp.c">
      <Filter>common</Filter>
    </ClCompile>
    <ClCompile Include="optee\rand_optee.c">
      <Filter>optee</Filter>
    </ClCompile>
    <ClCompile Include="cborhelper.c">
      <Filter>common</Filter>
    </ClCompile>
    <ClCompile Include="sgx\TcpsLogSgx.c">
      <Filter>sgx</Filter>
    </ClCompile>
    <ClCompile Include="Io.c">
      <Filter>common</Filter>
    </ClCompile>
    <ClCompile Include="tcps_socket_t.c">
      <Filter>common</Filter>
    </ClCompile>
    <ClCompile Include="..\buffer.c">
      <Filter>common</Filter>
    </ClCompile>
    <ClCompile Include="optee\time-optee.c">
      <Filter>optee</Filter>
    </ClCompile>
    <ClCompile Include="optee\trpc-optee.c">
      <Filter>optee</Filter>
    </ClCompile>
    <ClCompile Include="TcpsLogOcallFile.c">
      <Filter>common</Filter>
    </ClCompile>
    <ClCompile Include="optee\report-optee.c">
      <Filter>optee</Filter>
    </ClCompile>
    <ClCompile Include="optee\except-optee.c">
      <Filter>optee</Filter>
    </ClCompile>
    <ClCompile Include="sgx\trpc-sgx.c">
      <Filter>sgx</Filter>
    </ClCompile>
    <ClCompile Include="oeoverintelsgx_t.c">
      <Filter>GeneratedFiles</Filter>
    </ClCompile>
    <ClCompile Include="sgx\keygen-sgx.c">
      <Filter>sgx</Filter>
    </ClCompile>
    <ClCompile Include="optee\keygen-optee.c">
      <Filter>optee</Filter>
    </ClCompile>
    <ClCompile Include="..\..\..\3rdparty\RIoT\CyReP\RiotAes128.c">
      <Filter>common\riot</Filter>
    </ClCompile>
    <ClCompile Include="..\..\..\3rdparty\RIoT\CyReP\RiotAesTables.c">
      <Filter>common\riot</Filter>
    </ClCompile>
    <ClCompile Include="..\..\..\3rdparty\RIoT\CyReP\RiotBase64.c">
      <Filter>common\riot</Filter>
    </ClCompile>
    <ClCompile Include="..\..\..\3rdparty\RIoT\CyReP\RiotCrypt.c">
      <Filter>common\riot</Filter>
    </ClCompile>
    <ClCompile Include="..\..\..\3rdparty\RIoT\CyReP\RiotEcc.c">
      <Filter>common\riot</Filter>
    </ClCompile>
    <ClCompile Include="..\..\..\3rdparty\RIoT\CyReP\RiotHmac.c">
      <Filter>common\riot</Filter>
    </ClCompile>
    <ClCompile Include="..\..\..\3rdparty\RIoT\CyReP\RiotKdf.c">
      <Filter>common\riot</Filter>
    </ClCompile>
    <ClCompile Include="..\..\..\3rdparty\RIoT\CyReP\RiotSha256.c">
      <Filter>common\riot</Filter>
    </ClCompile>
    <ClCompile Include="..\..\..\3rdparty\RIoT\CyReP\RiotX509Bldr.c">
      <Filter>common\riot</Filter>
    </ClCompile>
    <ClCompile Include="..\..\..\3rdparty\RIoT\CyReP\RiotDerEnc.c">
      <Filter>common\riot</Filter>
    </ClCompile>
    <ClCompile Include="optee\cyres-optee.c">
      <Filter>optee</Filter>
    </ClCompile>
    <ClCompile Include="..\oeresult.c">
      <Filter>common</Filter>
    </ClCompile>
    <ClCompile Include="oeshim_t.c">
      <Filter>common</Filter>
    </ClCompile>
    <ClCompile Include="..\oeshim-common.c">
      <Filter>common</Filter>
    </ClCompile>
  </ItemGroup>
  <ItemGroup>
    <None Include="optee\linux_gcc.mak">
      <Filter>optee</Filter>
    </None>
    <None Include="optee\sub.mk">
      <Filter>optee</Filter>
    </None>
    <None Include="..\TcpsFile.edl">
      <Filter>common</Filter>
    </None>
  </ItemGroup>
  <ItemGroup>
    <ClInclude Include="rand_optee.h">
      <Filter>optee</Filter>
    </ClInclude>
    <ClInclude Include="oeoverintelsgx_t.h">
      <Filter>GeneratedFiles</Filter>
    </ClInclude>
    <ClInclude Include="errno.h">
      <Filter>common</Filter>
    </ClInclude>
    <ClInclude Include="math.h">
      <Filter>common</Filter>
    </ClInclude>
    <ClInclude Include="netdb.h">
      <Filter>common</Filter>
    </ClInclude>
    <ClInclude Include="tcps_string_t.h">
      <Filter>common</Filter>
    </ClInclude>
    <ClInclude Include="tcps_stdio_t.h">
      <Filter>common</Filter>
    </ClInclude>
    <ClInclude Include="oeenclave.h">
      <Filter>common</Filter>
    </ClInclude>
    <ClInclude Include="TrustedMisc.h">
      <Filter>common</Filter>
    </ClInclude>
    <ClInclude Include="tcps_time_t.h">
      <Filter>common</Filter>
    </ClInclude>
    <ClInclude Include="TrustedSslCommon.h">
      <Filter>common</Filter>
    </ClInclude>
    <ClInclude Include="TrustedWolfssl.h">
      <Filter>common</Filter>
    </ClInclude>
    <ClInclude Include="TcpsLogApp.h">
      <Filter>common</Filter>
    </ClInclude>
    <ClInclude Include="cborhelper.h">
      <Filter>common</Filter>
    </ClInclude>
    <ClInclude Include="sgx\tcps_settings.h">
      <Filter>sgx</Filter>
    </ClInclude>
    <ClInclude Include="sgx\TcpsLogSgx.h">
      <Filter>sgx</Filter>
    </ClInclude>
    <ClInclude Include="socket_args.h">
      <Filter>GeneratedFiles</Filter>
    </ClInclude>
    <ClInclude Include="socket_t.h">
      <Filter>GeneratedFiles</Filter>
    </ClInclude>
    <ClInclude Include="..\..\include\optee\cyrep-optee.h">
      <Filter>optee</Filter>
    </ClInclude>
    <ClInclude Include="..\..\include\optee\tcps_ctype_optee_t.h">
      <Filter>optee</Filter>
    </ClInclude>
    <ClInclude Include="..\..\include\optee\tcps_string_optee_t.h">
      <Filter>optee</Filter>
    </ClInclude>
    <ClInclude Include="..\..\include\optee\tcps_time_optee_t.h">
      <Filter>optee</Filter>
    </ClInclude>
  </ItemGroup>
  <ItemGroup>
    <CustomBuild Include="..\oeoverintelsgx.edl">
      <Filter>common</Filter>
    </CustomBuild>
    <CustomBuild Include="..\..\..\include\openenclave\socket.edl">
      <Filter>common</Filter>
    </CustomBuild>
  </ItemGroup>
</Project>