<?xml version="1.0" encoding="utf-8"?>
<Project ToolsVersion="4.0" xmlns="http://schemas.microsoft.com/developer/msbuild/2003">
  <ItemGroup>
    <Filter Include="optee">
      <UniqueIdentifier>{07c35a2f-e697-4d54-a752-93240faf934b}</UniqueIdentifier>
    </Filter>
    <Filter Include="sgx">
      <UniqueIdentifier>{5579f832-d3b9-4d14-bfb2-d109e5808a34}</UniqueIdentifier>
    </Filter>
    <Filter Include="GeneratedFiles">
      <UniqueIdentifier>{320148f5-bb31-46ab-a5f3-6bae1f158749}</UniqueIdentifier>
    </Filter>
    <Filter Include="common">
      <UniqueIdentifier>{743ac63d-2f85-49d4-ac67-53d172f7c58e}</UniqueIdentifier>
    </Filter>
    <Filter Include="OpenEnclave">
      <UniqueIdentifier>{b1dca1a0-1bb8-40e1-b53a-ce849a9f9459}</UniqueIdentifier>
    </Filter>
  </ItemGroup>
  <ItemGroup>
    <ClCompile Include="optee\ctype-optee.c">
      <Filter>optee</Filter>
    </ClCompile>
    <ClCompile Include="optee\files-optee.c">
      <Filter>optee</Filter>
    </ClCompile>
    <ClCompile Include="optee\strings-optee.c">
      <Filter>optee</Filter>
    </ClCompile>
    <ClCompile Include="sgx\files-sgx.c">
      <Filter>sgx</Filter>
    </ClCompile>
    <ClCompile Include="sgx\strings-sgx.c">
      <Filter>sgx</Filter>
    </ClCompile>
    <ClCompile Include="sgx\time-sgx.c">
      <Filter>sgx</Filter>
    </ClCompile>
    <ClCompile Include="optee\cyrep-optee.c">
      <Filter>optee</Filter>
    </ClCompile>
    <ClCompile Include="CallbackHelper.c">
      <Filter>common</Filter>
    </ClCompile>
    <ClCompile Include="tcps_stdio_t.c">
      <Filter>common</Filter>
    </ClCompile>
    <ClCompile Include="keygen.c">
      <Filter>common</Filter>
    </ClCompile>
    <ClCompile Include="tcps_string_t.c">
      <Filter>common</Filter>
    </ClCompile>
    <ClCompile Include="TcpsLogApp.c">
      <Filter>common</Filter>
    </ClCompile>
    <ClCompile Include="optee\rand_optee.c">
      <Filter>optee</Filter>
    </ClCompile>
    <ClCompile Include="cborhelper.c">
      <Filter>common</Filter>
    </ClCompile>
    <ClCompile Include="sgx\TcpsLogSgx.c">
      <Filter>sgx</Filter>
    </ClCompile>
    <ClCompile Include="Io.c">
      <Filter>common</Filter>
    </ClCompile>
    <ClCompile Include="tcps_socket_t.c">
      <Filter>common</Filter>
    </ClCompile>
    <ClCompile Include="..\buffer.c">
      <Filter>common</Filter>
    </ClCompile>
    <ClCompile Include="optee\time-optee.c">
      <Filter>optee</Filter>
    </ClCompile>
    <ClCompile Include="optee\trpc-optee.c">
      <Filter>optee</Filter>
    </ClCompile>
    <ClCompile Include="TcpsLogOcallFile.c">
      <Filter>common</Filter>
    </ClCompile>
    <ClCompile Include="oeshim_t.c">
      <Filter>OpenEnclave</Filter>
    </ClCompile>
    <ClCompile Include="..\oeresult.c">
      <Filter>OpenEnclave</Filter>
    </ClCompile>
    <ClCompile Include="optee\report-optee.c">
      <Filter>optee</Filter>
    </ClCompile>
    <ClCompile Include="..\oeshim-common.c">
      <Filter>OpenEnclave</Filter>
    </ClCompile>
    <ClCompile Include="optee\except-optee.c">
      <Filter>optee</Filter>
    </ClCompile>
  </ItemGroup>
  <ItemGroup>
    <None Include="optee\linux_gcc.mak">
      <Filter>optee</Filter>
    </None>
    <None Include="optee\sub.mk">
      <Filter>optee</Filter>
    </None>
    <None Include="..\..\Inc\TcpsFile.edl">
      <Filter>common</Filter>
    </None>
    <None Include="..\..\Inc\TcpsSockets.edl">
      <Filter>common</Filter>
    </None>
  </ItemGroup>
  <ItemGroup>
    <ClInclude Include="rand_optee.h">
      <Filter>optee</Filter>
    </ClInclude>
    <ClInclude Include="TcpsCalls_t.h">
      <Filter>GeneratedFiles</Filter>
    </ClInclude>
    <ClInclude Include="optee\cyrep-optee.h">
      <Filter>optee</Filter>
    </ClInclude>
    <ClInclude Include="optee\ctype-optee.h">
      <Filter>optee</Filter>
    </ClInclude>
    <ClInclude Include="errno.h">
      <Filter>common</Filter>
    </ClInclude>
    <ClInclude Include="math.h">
      <Filter>common</Filter>
    </ClInclude>
    <ClInclude Include="netdb.h">
      <Filter>common</Filter>
    </ClInclude>
    <ClInclude Include="tcps_string_t.h">
      <Filter>common</Filter>
    </ClInclude>
    <ClInclude Include="tcps_stdio_t.h">
      <Filter>common</Filter>
    </ClInclude>
    <ClInclude Include="tcps_t.h">
      <Filter>common</Filter>
    </ClInclude>
    <ClInclude Include="TrustedMisc.h">
      <Filter>common</Filter>
    </ClInclude>
    <ClInclude Include="tcps_time_t.h">
      <Filter>common</Filter>
    </ClInclude>
    <ClInclude Include="optee\strings-optee.h">
      <Filter>optee</Filter>
    </ClInclude>
    <ClInclude Include="TrustedSslCommon.h">
      <Filter>common</Filter>
    </ClInclude>
    <ClInclude Include="TrustedWolfssl.h">
      <Filter>common</Filter>
    </ClInclude>
    <ClInclude Include="TcpsLogApp.h">
      <Filter>common</Filter>
    </ClInclude>
    <ClInclude Include="cborhelper.h">
      <Filter>common</Filter>
    </ClInclude>
    <ClInclude Include="sgx\tcps_settings.h">
      <Filter>sgx</Filter>
    </ClInclude>
    <ClInclude Include="sgx\TcpsLogSgx.h">
      <Filter>sgx</Filter>
    </ClInclude>
  </ItemGroup>
  <ItemGroup>
    <CustomBuild Include="..\..\Inc\TcpsCalls.edl">
      <Filter>common</Filter>
    </CustomBuild>
  </ItemGroup>
</Project>