<?xml version="1.0" encoding="utf-8"?>
<Project ToolsVersion="4.0" xmlns="http://schemas.microsoft.com/developer/msbuild/2003">
  <ItemGroup>
    <ClCompile Include="uhelper.c" />
    <ClCompile Include="..\oeoverintelsgx_u.c">
      <Filter>Generated Files</Filter>
    </ClCompile>
    <ClCompile Include="teehost_optee.c">
      <Filter>OP-TEE</Filter>
    </ClCompile>
    <ClCompile Include="urpc_optee.c">
      <Filter>OP-TEE</Filter>
    </ClCompile>
    <ClCompile Include="teehost_sgx.c">
      <Filter>SGX</Filter>
    </ClCompile>
    <ClCompile Include="..\urpc_sgx.c">
      <Filter>SGX</Filter>
    </ClCompile>
    <ClCompile Include="..\uhelper_shared.c" />
    <ClCompile Include="..\..\..\..\3rdparty\OpteeCalls\OpteeCalls\OpteeCalls.c">
      <Filter>OP-TEE</Filter>
    </ClCompile>
    <ClCompile Include="..\..\sgx_common.c">
      <Filter>SGX</Filter>
    </ClCompile>
    <ClCompile Include="..\..\optee_common.c">
      <Filter>OP-TEE</Filter>
    </ClCompile>
    <ClCompile Include="..\oeshim_host.c" />
    <ClCompile Include="..\oeinternal_u.c">
      <Filter>Generated Files</Filter>
    </ClCompile>
    <ClCompile Include="..\..\oeresult.c">
      <Filter>SGX</Filter>
    </ClCompile>
  </ItemGroup>
  <ItemGroup>
    <ClInclude Include="$(OpteeCallsDir)OpteeCalls\inc\targetver.h" />
    <ClInclude Include="..\oeoverintelsgx_u.h">
      <Filter>Generated Files</Filter>
    </ClInclude>
    <ClInclude Include="..\oeinternal_args.h">
      <Filter>Generated Files</Filter>
    </ClInclude>
    <ClInclude Include="..\oeinternal_u.h">
      <Filter>Generated Files</Filter>
    </ClInclude>
  </ItemGroup>
  <ItemGroup>
    <Filter Include="Generated Files">
      <UniqueIdentifier>{d941226f-24f9-4141-871d-8539e8884dbd}</UniqueIdentifier>
    </Filter>
    <Filter Include="SGX">
      <UniqueIdentifier>{afcfeebc-c563-42d0-958d-9fcea35c2942}</UniqueIdentifier>
    </Filter>
    <Filter Include="OP-TEE">
      <UniqueIdentifier>{54ad9c6f-2df0-4344-8ef7-80fb1a2c82a6}</UniqueIdentifier>
    </Filter>
  </ItemGroup>
  <ItemGroup>
    <CustomBuild Include="..\..\..\..\include\openenclave\stdio.edl" />
    <CustomBuild Include="..\..\oeinternal.edl" />
    <CustomBuild Include="..\..\oeoverintelsgx.edl">
      <Filter>SGX</Filter>
    </CustomBuild>
  </ItemGroup>
</Project>