
Microsoft Visual Studio Solution File, Format Version 12.00
# Visual Studio 15
VisualStudioVersion = 15.0.28307.271
MinimumVisualStudioVersion = 10.0.40219.1
Project("{FAE04EC0-301F-11D3-BF4B-00C04F79EFBC}") = "VS Extension", "ProjectWizard\VSExtension.csproj", "{7942F7C6-D426-4123-B825-CE7BD3CBAB33}"
EndProject
Global
	GlobalSection(SolutionConfigurationPlatforms) = preSolution
		Debug|Any CPU = Debug|Any CPU
		Release|Any CPU = Release|Any CPU
	EndGlobalSection
	GlobalSection(ProjectConfigurationPlatforms) = postSolution
		{7942F7C6-D426-4123-B825-CE7BD3CBAB33}.Debug|Any CPU.ActiveCfg = Debug|Any CPU
		{7942F7C6-D426-4123-B825-CE7BD3CBAB33}.Debug|Any CPU.Build.0 = Debug|Any CPU
		{7942F7C6-D426-4123-B825-CE7BD3CBAB33}.Release|Any CPU.ActiveCfg = Release|Any CPU
		{7942F7C6-D426-4123-B825-CE7BD3CBAB33}.Release|Any CPU.Build.0 = Release|Any CPU
	EndGlobalSection
	GlobalSection(SolutionProperties) = preSolution
		HideSolutionNode = FALSE
	EndGlobalSection
	GlobalSection(ExtensibilityGlobals) = postSolution
		SolutionGuid = {8EA80AF6-174A-439A-80C0-177C40EEFAF2}
	EndGlobalSection
EndGlobal
