
Microsoft Visual Studio Solution File, Format Version 12.00
# Visual Studio 15
VisualStudioVersion = 15.0.28010.2036
MinimumVisualStudioVersion = 10.0.40219.1
Project("{8BC9CEB8-8B4A-11D0-8D11-00A0C91BC942}") = "oeenclave", "src\Trusted\oeenclave.vcxproj", "{CD46F388-593F-442C-8751-BC5F206979BA}"
EndProject
Project("{8BC9CEB8-8B4A-11D0-8D11-00A0C91BC942}") = "oehost", "src\Untrusted\win32\oehost.vcxproj", "{B7AE03E4-CF5A-49DC-AB3D-2D8F485472B4}"
	ProjectSection(ProjectDependencies) = postProject
		{CD46F388-593F-442C-8751-BC5F206979BA} = {CD46F388-593F-442C-8751-BC5F206979BA}
		{0FE6DBE2-2906-48D0-8D51-85007FC24777} = {0FE6DBE2-2906-48D0-8D51-85007FC24777}
	EndProjectSection
EndProject
Project("{2150E333-8FDC-42A3-9474-1A3956D46DE8}") = "Solution Items", "Solution Items", "{1260B1F5-4602-4539-84BF-0AEE297EA252}"
	ProjectSection(SolutionItems) = preProject
		README.md = README.md
		vssettings.props = vssettings.props
	EndProjectSection
EndProject
Project("{2150E333-8FDC-42A3-9474-1A3956D46DE8}") = "samples", "samples", "{DC407FAF-6C2F-4944-9AB2-83B2CB8B221C}"
EndProject
Project("{8BC9CEB8-8B4A-11D0-8D11-00A0C91BC942}") = "SampleTA", "samples\sockets\enclave\SampleTA.vcxproj", "{F0D6AA6E-904B-4746-A3B3-F231BADD3D27}"
	ProjectSection(ProjectDependencies) = postProject
		{AFF02E67-1671-4004-B169-9C3AAB5CD103} = {AFF02E67-1671-4004-B169-9C3AAB5CD103}
		{CD46F388-593F-442C-8751-BC5F206979BA} = {CD46F388-593F-442C-8751-BC5F206979BA}
	EndProjectSection
EndProject
Project("{2150E333-8FDC-42A3-9474-1A3956D46DE8}") = "opteesim", "opteesim", "{0DCD74BE-623C-4DD7-9A48-C0B35B9C6613}"
EndProject
Project("{8BC9CEB8-8B4A-11D0-8D11-00A0C91BC942}") = "oeenclave_opteesim", "opteesim\Trusted\oeenclave_opteesim.vcxproj", "{AFF02E67-1671-4004-B169-9C3AAB5CD103}"
	ProjectSection(ProjectDependencies) = postProject
		{C95D1877-86E1-47C0-A568-08859E619EC4} = {C95D1877-86E1-47C0-A568-08859E619EC4}
	EndProjectSection
EndProject
Project("{8BC9CEB8-8B4A-11D0-8D11-00A0C91BC942}") = "oehost_opteesim", "opteesim\Untrusted\oehost_opteesim.vcxproj", "{0FE6DBE2-2906-48D0-8D51-85007FC24777}"
EndProject
Project("{8BC9CEB8-8B4A-11D0-8D11-00A0C91BC942}") = "SampleClientApp", "samples\sockets\host\SampleClientApp\SampleClientApp.vcxproj", "{49C4946C-3A97-49F3-B1CF-A05C949A0F66}"
	ProjectSection(ProjectDependencies) = postProject
		{0FE6DBE2-2906-48D0-8D51-85007FC24777} = {0FE6DBE2-2906-48D0-8D51-85007FC24777}
		{B7AE03E4-CF5A-49DC-AB3D-2D8F485472B4} = {B7AE03E4-CF5A-49DC-AB3D-2D8F485472B4}
	EndProjectSection
EndProject
Project("{8BC9CEB8-8B4A-11D0-8D11-00A0C91BC942}") = "SampleServerApp", "samples\sockets\host\SampleServerApp\SampleServerApp.vcxproj", "{12AC9341-3749-4F9E-87F8-4901B66FAE08}"
	ProjectSection(ProjectDependencies) = postProject
		{0FE6DBE2-2906-48D0-8D51-85007FC24777} = {0FE6DBE2-2906-48D0-8D51-85007FC24777}
	EndProjectSection
EndProject
Project("{2150E333-8FDC-42A3-9474-1A3956D46DE8}") = "tests", "tests", "{AE6D04CD-7F5D-4F1D-AB2F-F72D92A89138}"
EndProject
Project("{2150E333-8FDC-42A3-9474-1A3956D46DE8}") = "src", "src", "{186E2BC5-8D01-4A23-B973-7915BE896161}"
EndProject
Project("{8BC9CEB8-8B4A-11D0-8D11-00A0C91BC942}") = "oetests_host", "tests\oetests_host\oetests_host.vcxproj", "{D3C52EDD-A230-4CF1-8279-D0D111ABACF9}"
	ProjectSection(ProjectDependencies) = postProject
		{D8830D23-CF49-497E-8883-832EC758DE98} = {D8830D23-CF49-497E-8883-832EC758DE98}
	EndProjectSection
EndProject
Project("{8BC9CEB8-8B4A-11D0-8D11-00A0C91BC942}") = "gtest", "tests\gtest\gtest.vcxproj", "{C2A86939-0961-4089-A706-0C1C27634186}"
EndProject
Project("{8BC9CEB8-8B4A-11D0-8D11-00A0C91BC942}") = "oetests_enclave", "tests\oetests_enclave\oetests_enclave.vcxproj", "{E759EE7C-5BB2-4988-89D1-CE1C0FD623F3}"
	ProjectSection(ProjectDependencies) = postProject
		{AFF02E67-1671-4004-B169-9C3AAB5CD103} = {AFF02E67-1671-4004-B169-9C3AAB5CD103}
		{C95D1877-86E1-47C0-A568-08859E619EC4} = {C95D1877-86E1-47C0-A568-08859E619EC4}
	EndProjectSection
EndProject
Project("{2150E333-8FDC-42A3-9474-1A3956D46DE8}") = "sockets", "sockets", "{48808102-01B7-4963-89AC-6ACE5D705B3A}"
EndProject
Project("{2150E333-8FDC-42A3-9474-1A3956D46DE8}") = "helloworld", "helloworld", "{E36FB220-0859-4C67-8B98-8206EFCB0B3B}"
EndProject
Project("{8BC9CEB8-8B4A-11D0-8D11-00A0C91BC942}") = "HelloWorldHost", "samples\helloworld\HelloWorldHost\HelloWorldHost.vcxproj", "{4A43FD9B-A9D5-4B3B-BD06-2E87597476B5}"
EndProject
Project("{8BC9CEB8-8B4A-11D0-8D11-00A0C91BC942}") = "HelloWorldEnc", "samples\helloworld\HelloWorldEnc\HelloWorldEnc.vcxproj", "{38AD85CB-7F69-4ADC-9835-BFD2A1A5D04E}"
	ProjectSection(ProjectDependencies) = postProject
		{AFF02E67-1671-4004-B169-9C3AAB5CD103} = {AFF02E67-1671-4004-B169-9C3AAB5CD103}
	EndProjectSection
EndProject
Project("{2150E333-8FDC-42A3-9474-1A3956D46DE8}") = "libsocket", "libsocket", "{E87B5688-C78B-41EE-87BC-F8AF17346670}"
EndProject
Project("{8BC9CEB8-8B4A-11D0-8D11-00A0C91BC942}") = "oesocket_enc", "libsocket\enc\oesocket_enc.vcxproj", "{75DB709B-D5BF-452B-AFB9-F8F92EB8BBEC}"
	ProjectSection(ProjectDependencies) = postProject
		{CD46F388-593F-442C-8751-BC5F206979BA} = {CD46F388-593F-442C-8751-BC5F206979BA}
	EndProjectSection
EndProject
Project("{8BC9CEB8-8B4A-11D0-8D11-00A0C91BC942}") = "oesocket_host", "libsocket\host\win32\oesocket_host.vcxproj", "{12E2E2D6-830E-4B05-B657-C858C2DE54E3}"
	ProjectSection(ProjectDependencies) = postProject
		{B7AE03E4-CF5A-49DC-AB3D-2D8F485472B4} = {B7AE03E4-CF5A-49DC-AB3D-2D8F485472B4}
	EndProjectSection
EndProject
Project("{2150E333-8FDC-42A3-9474-1A3956D46DE8}") = "libstdio", "libstdio", "{7C7356BB-1584-465D-92E8-82414B932870}"
EndProject
Project("{8BC9CEB8-8B4A-11D0-8D11-00A0C91BC942}") = "oestdio_enc", "libstdio\enc\oestdio_enc.vcxproj", "{C95D1877-86E1-47C0-A568-08859E619EC4}"
	ProjectSection(ProjectDependencies) = postProject
		{CD46F388-593F-442C-8751-BC5F206979BA} = {CD46F388-593F-442C-8751-BC5F206979BA}
	EndProjectSection
EndProject
Project("{8BC9CEB8-8B4A-11D0-8D11-00A0C91BC942}") = "oestdio_host", "libstdio\host\win32\oestdio_host.vcxproj", "{D8830D23-CF49-497E-8883-832EC758DE98}"
	ProjectSection(ProjectDependencies) = postProject
		{B7AE03E4-CF5A-49DC-AB3D-2D8F485472B4} = {B7AE03E4-CF5A-49DC-AB3D-2D8F485472B4}
	EndProjectSection
EndProject
Project("{8BC9CEB8-8B4A-11D0-8D11-00A0C91BC942}") = "mbedTLS", "..\3rdparty\mbedtls\mbedtls\visualc\VS2010\mbedTLS.vcxproj", "{46CF2D25-6A36-4189-B59C-E4815388E554}"
EndProject
Project("{2150E333-8FDC-42A3-9474-1A3956D46DE8}") = "localattestation", "localattestation", "{382C53A4-B048-4CB4-B5AA-4E541A2B8CD7}"
EndProject
Project("{8BC9CEB8-8B4A-11D0-8D11-00A0C91BC942}") = "LocalAttestationHost", "samples\local_attestation\host\LocalAttestationHost.vcxproj", "{9B205D53-C538-4841-A7A4-EEA47C1B07C3}"
EndProject
Project("{8BC9CEB8-8B4A-11D0-8D11-00A0C91BC942}") = "LocalAttestationEnc", "samples\local_attestation\enc\LocalAttestationEnc.vcxproj", "{E70E9F5A-6661-4298-A91E-9A9DD4AC9017}"
EndProject
Global
	GlobalSection(SolutionConfigurationPlatforms) = preSolution
		Debug|ARM = Debug|ARM
		Debug|x64 = Debug|x64
		Debug|x86 = Debug|x86
		DebugOpteeSimulation|ARM = DebugOpteeSimulation|ARM
		DebugOpteeSimulation|x64 = DebugOpteeSimulation|x64
		DebugOpteeSimulation|x86 = DebugOpteeSimulation|x86
		DebugSimulation|ARM = DebugSimulation|ARM
		DebugSimulation|x64 = DebugSimulation|x64
		DebugSimulation|x86 = DebugSimulation|x86
		Prerelease|ARM = Prerelease|ARM
		Prerelease|x64 = Prerelease|x64
		Prerelease|x86 = Prerelease|x86
		Release|ARM = Release|ARM
		Release|x64 = Release|x64
		Release|x86 = Release|x86
		Simulation|ARM = Simulation|ARM
		Simulation|x64 = Simulation|x64
		Simulation|x86 = Simulation|x86
	EndGlobalSection
	GlobalSection(ProjectConfigurationPlatforms) = postSolution
		{CD46F388-593F-442C-8751-BC5F206979BA}.Debug|ARM.ActiveCfg = Debug|Win32
		{CD46F388-593F-442C-8751-BC5F206979BA}.Debug|x64.ActiveCfg = Debug|x64
		{CD46F388-593F-442C-8751-BC5F206979BA}.Debug|x64.Build.0 = Debug|x64
		{CD46F388-593F-442C-8751-BC5F206979BA}.Debug|x86.ActiveCfg = Debug|Win32
		{CD46F388-593F-442C-8751-BC5F206979BA}.Debug|x86.Build.0 = Debug|Win32
		{CD46F388-593F-442C-8751-BC5F206979BA}.DebugOpteeSimulation|ARM.ActiveCfg = DebugOpteeSimulation|ARM
		{CD46F388-593F-442C-8751-BC5F206979BA}.DebugOpteeSimulation|ARM.Build.0 = DebugOpteeSimulation|ARM
		{CD46F388-593F-442C-8751-BC5F206979BA}.DebugOpteeSimulation|x64.ActiveCfg = DebugOpteeSimulation|x64
		{CD46F388-593F-442C-8751-BC5F206979BA}.DebugOpteeSimulation|x64.Build.0 = DebugOpteeSimulation|x64
		{CD46F388-593F-442C-8751-BC5F206979BA}.DebugOpteeSimulation|x86.ActiveCfg = DebugOpteeSimulation|Win32
		{CD46F388-593F-442C-8751-BC5F206979BA}.DebugOpteeSimulation|x86.Build.0 = DebugOpteeSimulation|Win32
		{CD46F388-593F-442C-8751-BC5F206979BA}.DebugSimulation|ARM.ActiveCfg = DebugOpteeSimulation|ARM
		{CD46F388-593F-442C-8751-BC5F206979BA}.DebugSimulation|ARM.Build.0 = DebugOpteeSimulation|ARM
		{CD46F388-593F-442C-8751-BC5F206979BA}.DebugSimulation|x64.ActiveCfg = Debug|x64
		{CD46F388-593F-442C-8751-BC5F206979BA}.DebugSimulation|x64.Build.0 = Debug|x64
		{CD46F388-593F-442C-8751-BC5F206979BA}.DebugSimulation|x86.ActiveCfg = Debug|Win32
		{CD46F388-593F-442C-8751-BC5F206979BA}.DebugSimulation|x86.Build.0 = Debug|Win32
		{CD46F388-593F-442C-8751-BC5F206979BA}.Prerelease|ARM.ActiveCfg = Release|Win32
		{CD46F388-593F-442C-8751-BC5F206979BA}.Prerelease|x64.ActiveCfg = Release|x64
		{CD46F388-593F-442C-8751-BC5F206979BA}.Prerelease|x64.Build.0 = Release|x64
		{CD46F388-593F-442C-8751-BC5F206979BA}.Prerelease|x86.ActiveCfg = Release|Win32
		{CD46F388-593F-442C-8751-BC5F206979BA}.Prerelease|x86.Build.0 = Release|Win32
		{CD46F388-593F-442C-8751-BC5F206979BA}.Release|ARM.ActiveCfg = Release|Win32
		{CD46F388-593F-442C-8751-BC5F206979BA}.Release|x64.ActiveCfg = Release|x64
		{CD46F388-593F-442C-8751-BC5F206979BA}.Release|x64.Build.0 = Release|x64
		{CD46F388-593F-442C-8751-BC5F206979BA}.Release|x86.ActiveCfg = Release|Win32
		{CD46F388-593F-442C-8751-BC5F206979BA}.Release|x86.Build.0 = Release|Win32
		{CD46F388-593F-442C-8751-BC5F206979BA}.Simulation|ARM.ActiveCfg = Release|Win32
		{CD46F388-593F-442C-8751-BC5F206979BA}.Simulation|x64.ActiveCfg = Release|x64
		{CD46F388-593F-442C-8751-BC5F206979BA}.Simulation|x64.Build.0 = Release|x64
		{CD46F388-593F-442C-8751-BC5F206979BA}.Simulation|x86.ActiveCfg = Release|Win32
		{CD46F388-593F-442C-8751-BC5F206979BA}.Simulation|x86.Build.0 = Release|Win32
		{B7AE03E4-CF5A-49DC-AB3D-2D8F485472B4}.Debug|ARM.ActiveCfg = Debug|ARM
		{B7AE03E4-CF5A-49DC-AB3D-2D8F485472B4}.Debug|ARM.Build.0 = Debug|ARM
		{B7AE03E4-CF5A-49DC-AB3D-2D8F485472B4}.Debug|x64.ActiveCfg = Debug|x64
		{B7AE03E4-CF5A-49DC-AB3D-2D8F485472B4}.Debug|x64.Build.0 = Debug|x64
		{B7AE03E4-CF5A-49DC-AB3D-2D8F485472B4}.Debug|x86.ActiveCfg = Debug|Win32
		{B7AE03E4-CF5A-49DC-AB3D-2D8F485472B4}.Debug|x86.Build.0 = Debug|Win32
		{B7AE03E4-CF5A-49DC-AB3D-2D8F485472B4}.DebugOpteeSimulation|ARM.ActiveCfg = DebugOpteeSimulation|ARM
		{B7AE03E4-CF5A-49DC-AB3D-2D8F485472B4}.DebugOpteeSimulation|ARM.Build.0 = DebugOpteeSimulation|ARM
		{B7AE03E4-CF5A-49DC-AB3D-2D8F485472B4}.DebugOpteeSimulation|x64.ActiveCfg = DebugOpteeSimulation|x64
		{B7AE03E4-CF5A-49DC-AB3D-2D8F485472B4}.DebugOpteeSimulation|x64.Build.0 = DebugOpteeSimulation|x64
		{B7AE03E4-CF5A-49DC-AB3D-2D8F485472B4}.DebugOpteeSimulation|x86.ActiveCfg = DebugOpteeSimulation|Win32
		{B7AE03E4-CF5A-49DC-AB3D-2D8F485472B4}.DebugOpteeSimulation|x86.Build.0 = DebugOpteeSimulation|Win32
		{B7AE03E4-CF5A-49DC-AB3D-2D8F485472B4}.DebugSimulation|ARM.ActiveCfg = DebugOpteeSimulation|ARM
		{B7AE03E4-CF5A-49DC-AB3D-2D8F485472B4}.DebugSimulation|ARM.Build.0 = DebugOpteeSimulation|ARM
		{B7AE03E4-CF5A-49DC-AB3D-2D8F485472B4}.DebugSimulation|x64.ActiveCfg = Debug|x64
		{B7AE03E4-CF5A-49DC-AB3D-2D8F485472B4}.DebugSimulation|x64.Build.0 = Debug|x64
		{B7AE03E4-CF5A-49DC-AB3D-2D8F485472B4}.DebugSimulation|x86.ActiveCfg = Debug|Win32
		{B7AE03E4-CF5A-49DC-AB3D-2D8F485472B4}.DebugSimulation|x86.Build.0 = Debug|Win32
		{B7AE03E4-CF5A-49DC-AB3D-2D8F485472B4}.Prerelease|ARM.ActiveCfg = Release|ARM
		{B7AE03E4-CF5A-49DC-AB3D-2D8F485472B4}.Prerelease|ARM.Build.0 = Release|ARM
		{B7AE03E4-CF5A-49DC-AB3D-2D8F485472B4}.Prerelease|x64.ActiveCfg = Release|x64
		{B7AE03E4-CF5A-49DC-AB3D-2D8F485472B4}.Prerelease|x64.Build.0 = Release|x64
		{B7AE03E4-CF5A-49DC-AB3D-2D8F485472B4}.Prerelease|x86.ActiveCfg = Release|Win32
		{B7AE03E4-CF5A-49DC-AB3D-2D8F485472B4}.Prerelease|x86.Build.0 = Release|Win32
		{B7AE03E4-CF5A-49DC-AB3D-2D8F485472B4}.Release|ARM.ActiveCfg = Release|ARM
		{B7AE03E4-CF5A-49DC-AB3D-2D8F485472B4}.Release|ARM.Build.0 = Release|ARM
		{B7AE03E4-CF5A-49DC-AB3D-2D8F485472B4}.Release|x64.ActiveCfg = Release|x64
		{B7AE03E4-CF5A-49DC-AB3D-2D8F485472B4}.Release|x64.Build.0 = Release|x64
		{B7AE03E4-CF5A-49DC-AB3D-2D8F485472B4}.Release|x86.ActiveCfg = Release|Win32
		{B7AE03E4-CF5A-49DC-AB3D-2D8F485472B4}.Release|x86.Build.0 = Release|Win32
		{B7AE03E4-CF5A-49DC-AB3D-2D8F485472B4}.Simulation|ARM.ActiveCfg = Release|ARM
		{B7AE03E4-CF5A-49DC-AB3D-2D8F485472B4}.Simulation|ARM.Build.0 = Release|ARM
		{B7AE03E4-CF5A-49DC-AB3D-2D8F485472B4}.Simulation|x64.ActiveCfg = Release|x64
		{B7AE03E4-CF5A-49DC-AB3D-2D8F485472B4}.Simulation|x64.Build.0 = Release|x64
		{B7AE03E4-CF5A-49DC-AB3D-2D8F485472B4}.Simulation|x86.ActiveCfg = Release|Win32
		{B7AE03E4-CF5A-49DC-AB3D-2D8F485472B4}.Simulation|x86.Build.0 = Release|Win32
		{F0D6AA6E-904B-4746-A3B3-F231BADD3D27}.Debug|ARM.ActiveCfg = Debug|Win32
		{F0D6AA6E-904B-4746-A3B3-F231BADD3D27}.Debug|x64.ActiveCfg = Debug|x64
		{F0D6AA6E-904B-4746-A3B3-F231BADD3D27}.Debug|x64.Build.0 = Debug|x64
		{F0D6AA6E-904B-4746-A3B3-F231BADD3D27}.Debug|x86.ActiveCfg = Debug|Win32
		{F0D6AA6E-904B-4746-A3B3-F231BADD3D27}.Debug|x86.Build.0 = Debug|Win32
		{F0D6AA6E-904B-4746-A3B3-F231BADD3D27}.DebugOpteeSimulation|ARM.ActiveCfg = DebugOpteeSimulation|ARM
		{F0D6AA6E-904B-4746-A3B3-F231BADD3D27}.DebugOpteeSimulation|ARM.Build.0 = DebugOpteeSimulation|ARM
		{F0D6AA6E-904B-4746-A3B3-F231BADD3D27}.DebugOpteeSimulation|x64.ActiveCfg = DebugOpteeSimulation|x64
		{F0D6AA6E-904B-4746-A3B3-F231BADD3D27}.DebugOpteeSimulation|x64.Build.0 = DebugOpteeSimulation|x64
		{F0D6AA6E-904B-4746-A3B3-F231BADD3D27}.DebugOpteeSimulation|x86.ActiveCfg = DebugOpteeSimulation|Win32
		{F0D6AA6E-904B-4746-A3B3-F231BADD3D27}.DebugOpteeSimulation|x86.Build.0 = DebugOpteeSimulation|Win32
		{F0D6AA6E-904B-4746-A3B3-F231BADD3D27}.DebugSimulation|ARM.ActiveCfg = DebugOpteeSimulation|ARM
		{F0D6AA6E-904B-4746-A3B3-F231BADD3D27}.DebugSimulation|ARM.Build.0 = DebugOpteeSimulation|ARM
		{F0D6AA6E-904B-4746-A3B3-F231BADD3D27}.DebugSimulation|x64.ActiveCfg = Simulation|x64
		{F0D6AA6E-904B-4746-A3B3-F231BADD3D27}.DebugSimulation|x64.Build.0 = Simulation|x64
		{F0D6AA6E-904B-4746-A3B3-F231BADD3D27}.DebugSimulation|x86.ActiveCfg = Simulation|Win32
		{F0D6AA6E-904B-4746-A3B3-F231BADD3D27}.DebugSimulation|x86.Build.0 = Simulation|Win32
		{F0D6AA6E-904B-4746-A3B3-F231BADD3D27}.Prerelease|ARM.ActiveCfg = Prerelease|Win32
		{F0D6AA6E-904B-4746-A3B3-F231BADD3D27}.Prerelease|x64.ActiveCfg = Prerelease|x64
		{F0D6AA6E-904B-4746-A3B3-F231BADD3D27}.Prerelease|x64.Build.0 = Prerelease|x64
		{F0D6AA6E-904B-4746-A3B3-F231BADD3D27}.Prerelease|x86.ActiveCfg = Prerelease|Win32
		{F0D6AA6E-904B-4746-A3B3-F231BADD3D27}.Prerelease|x86.Build.0 = Prerelease|Win32
		{F0D6AA6E-904B-4746-A3B3-F231BADD3D27}.Release|ARM.ActiveCfg = Release|Win32
		{F0D6AA6E-904B-4746-A3B3-F231BADD3D27}.Release|x64.ActiveCfg = Release|x64
		{F0D6AA6E-904B-4746-A3B3-F231BADD3D27}.Release|x64.Build.0 = Release|x64
		{F0D6AA6E-904B-4746-A3B3-F231BADD3D27}.Release|x86.ActiveCfg = Release|Win32
		{F0D6AA6E-904B-4746-A3B3-F231BADD3D27}.Release|x86.Build.0 = Release|Win32
		{F0D6AA6E-904B-4746-A3B3-F231BADD3D27}.Simulation|ARM.ActiveCfg = Simulation|Win32
		{F0D6AA6E-904B-4746-A3B3-F231BADD3D27}.Simulation|x64.ActiveCfg = Simulation|x64
		{F0D6AA6E-904B-4746-A3B3-F231BADD3D27}.Simulation|x64.Build.0 = Simulation|x64
		{F0D6AA6E-904B-4746-A3B3-F231BADD3D27}.Simulation|x86.ActiveCfg = Simulation|Win32
		{F0D6AA6E-904B-4746-A3B3-F231BADD3D27}.Simulation|x86.Build.0 = Simulation|Win32
		{AFF02E67-1671-4004-B169-9C3AAB5CD103}.Debug|ARM.ActiveCfg = DebugOpteeSimulation|ARM
		{AFF02E67-1671-4004-B169-9C3AAB5CD103}.Debug|x64.ActiveCfg = DebugOpteeSimulation|x64
		{AFF02E67-1671-4004-B169-9C3AAB5CD103}.Debug|x86.ActiveCfg = DebugOpteeSimulation|Win32
		{AFF02E67-1671-4004-B169-9C3AAB5CD103}.DebugOpteeSimulation|ARM.ActiveCfg = DebugOpteeSimulation|ARM
		{AFF02E67-1671-4004-B169-9C3AAB5CD103}.DebugOpteeSimulation|ARM.Build.0 = DebugOpteeSimulation|ARM
		{AFF02E67-1671-4004-B169-9C3AAB5CD103}.DebugOpteeSimulation|x64.ActiveCfg = DebugOpteeSimulation|x64
		{AFF02E67-1671-4004-B169-9C3AAB5CD103}.DebugOpteeSimulation|x64.Build.0 = DebugOpteeSimulation|x64
		{AFF02E67-1671-4004-B169-9C3AAB5CD103}.DebugOpteeSimulation|x86.ActiveCfg = DebugOpteeSimulation|Win32
		{AFF02E67-1671-4004-B169-9C3AAB5CD103}.DebugOpteeSimulation|x86.Build.0 = DebugOpteeSimulation|Win32
		{AFF02E67-1671-4004-B169-9C3AAB5CD103}.DebugSimulation|ARM.ActiveCfg = DebugOpteeSimulation|ARM
		{AFF02E67-1671-4004-B169-9C3AAB5CD103}.DebugSimulation|ARM.Build.0 = DebugOpteeSimulation|ARM
		{AFF02E67-1671-4004-B169-9C3AAB5CD103}.DebugSimulation|x64.ActiveCfg = DebugOpteeSimulation|x64
		{AFF02E67-1671-4004-B169-9C3AAB5CD103}.DebugSimulation|x86.ActiveCfg = DebugOpteeSimulation|Win32
		{AFF02E67-1671-4004-B169-9C3AAB5CD103}.Prerelease|ARM.ActiveCfg = DebugOpteeSimulation|ARM
		{AFF02E67-1671-4004-B169-9C3AAB5CD103}.Prerelease|x64.ActiveCfg = DebugOpteeSimulation|x64
		{AFF02E67-1671-4004-B169-9C3AAB5CD103}.Prerelease|x86.ActiveCfg = DebugOpteeSimulation|Win32
		{AFF02E67-1671-4004-B169-9C3AAB5CD103}.Release|ARM.ActiveCfg = Release|ARM
		{AFF02E67-1671-4004-B169-9C3AAB5CD103}.Release|x64.ActiveCfg = Release|x64
		{AFF02E67-1671-4004-B169-9C3AAB5CD103}.Release|x86.ActiveCfg = Release|Win32
		{AFF02E67-1671-4004-B169-9C3AAB5CD103}.Simulation|ARM.ActiveCfg = DebugOpteeSimulation|ARM
		{AFF02E67-1671-4004-B169-9C3AAB5CD103}.Simulation|ARM.Build.0 = DebugOpteeSimulation|ARM
		{AFF02E67-1671-4004-B169-9C3AAB5CD103}.Simulation|x64.ActiveCfg = DebugOpteeSimulation|x64
		{AFF02E67-1671-4004-B169-9C3AAB5CD103}.Simulation|x86.ActiveCfg = DebugOpteeSimulation|Win32
		{0FE6DBE2-2906-48D0-8D51-85007FC24777}.Debug|ARM.ActiveCfg = DebugOpteeSimulation|ARM
		{0FE6DBE2-2906-48D0-8D51-85007FC24777}.Debug|x64.ActiveCfg = DebugOpteeSimulation|x64
		{0FE6DBE2-2906-48D0-8D51-85007FC24777}.Debug|x86.ActiveCfg = DebugOpteeSimulation|Win32
		{0FE6DBE2-2906-48D0-8D51-85007FC24777}.DebugOpteeSimulation|ARM.ActiveCfg = DebugOpteeSimulation|ARM
		{0FE6DBE2-2906-48D0-8D51-85007FC24777}.DebugOpteeSimulation|ARM.Build.0 = DebugOpteeSimulation|ARM
		{0FE6DBE2-2906-48D0-8D51-85007FC24777}.DebugOpteeSimulation|x64.ActiveCfg = DebugOpteeSimulation|x64
		{0FE6DBE2-2906-48D0-8D51-85007FC24777}.DebugOpteeSimulation|x64.Build.0 = DebugOpteeSimulation|x64
		{0FE6DBE2-2906-48D0-8D51-85007FC24777}.DebugOpteeSimulation|x86.ActiveCfg = DebugOpteeSimulation|Win32
		{0FE6DBE2-2906-48D0-8D51-85007FC24777}.DebugOpteeSimulation|x86.Build.0 = DebugOpteeSimulation|Win32
		{0FE6DBE2-2906-48D0-8D51-85007FC24777}.DebugSimulation|ARM.ActiveCfg = DebugOpteeSimulation|ARM
		{0FE6DBE2-2906-48D0-8D51-85007FC24777}.DebugSimulation|ARM.Build.0 = DebugOpteeSimulation|ARM
		{0FE6DBE2-2906-48D0-8D51-85007FC24777}.DebugSimulation|x64.ActiveCfg = DebugOpteeSimulation|x64
		{0FE6DBE2-2906-48D0-8D51-85007FC24777}.DebugSimulation|x86.ActiveCfg = DebugOpteeSimulation|Win32
		{0FE6DBE2-2906-48D0-8D51-85007FC24777}.Prerelease|ARM.ActiveCfg = DebugOpteeSimulation|ARM
		{0FE6DBE2-2906-48D0-8D51-85007FC24777}.Prerelease|x64.ActiveCfg = DebugOpteeSimulation|x64
		{0FE6DBE2-2906-48D0-8D51-85007FC24777}.Prerelease|x86.ActiveCfg = DebugOpteeSimulation|Win32
		{0FE6DBE2-2906-48D0-8D51-85007FC24777}.Release|ARM.ActiveCfg = Release|ARM
		{0FE6DBE2-2906-48D0-8D51-85007FC24777}.Release|x64.ActiveCfg = Release|x64
		{0FE6DBE2-2906-48D0-8D51-85007FC24777}.Release|x86.ActiveCfg = Release|Win32
		{0FE6DBE2-2906-48D0-8D51-85007FC24777}.Simulation|ARM.ActiveCfg = DebugOpteeSimulation|ARM
		{0FE6DBE2-2906-48D0-8D51-85007FC24777}.Simulation|ARM.Build.0 = DebugOpteeSimulation|ARM
		{0FE6DBE2-2906-48D0-8D51-85007FC24777}.Simulation|x64.ActiveCfg = DebugOpteeSimulation|x64
		{0FE6DBE2-2906-48D0-8D51-85007FC24777}.Simulation|x86.ActiveCfg = DebugOpteeSimulation|Win32
		{49C4946C-3A97-49F3-B1CF-A05C949A0F66}.Debug|ARM.ActiveCfg = Debug|ARM
		{49C4946C-3A97-49F3-B1CF-A05C949A0F66}.Debug|ARM.Build.0 = Debug|ARM
		{49C4946C-3A97-49F3-B1CF-A05C949A0F66}.Debug|x64.ActiveCfg = Debug|x64
		{49C4946C-3A97-49F3-B1CF-A05C949A0F66}.Debug|x64.Build.0 = Debug|x64
		{49C4946C-3A97-49F3-B1CF-A05C949A0F66}.Debug|x86.ActiveCfg = Debug|Win32
		{49C4946C-3A97-49F3-B1CF-A05C949A0F66}.Debug|x86.Build.0 = Debug|Win32
		{49C4946C-3A97-49F3-B1CF-A05C949A0F66}.DebugOpteeSimulation|ARM.ActiveCfg = DebugOpteeSimulation|ARM
		{49C4946C-3A97-49F3-B1CF-A05C949A0F66}.DebugOpteeSimulation|ARM.Build.0 = DebugOpteeSimulation|ARM
		{49C4946C-3A97-49F3-B1CF-A05C949A0F66}.DebugOpteeSimulation|x64.ActiveCfg = DebugOpteeSimulation|x64
		{49C4946C-3A97-49F3-B1CF-A05C949A0F66}.DebugOpteeSimulation|x64.Build.0 = DebugOpteeSimulation|x64
		{49C4946C-3A97-49F3-B1CF-A05C949A0F66}.DebugOpteeSimulation|x86.ActiveCfg = DebugOpteeSimulation|Win32
		{49C4946C-3A97-49F3-B1CF-A05C949A0F66}.DebugOpteeSimulation|x86.Build.0 = DebugOpteeSimulation|Win32
		{49C4946C-3A97-49F3-B1CF-A05C949A0F66}.DebugSimulation|ARM.ActiveCfg = DebugOpteeSimulation|ARM
		{49C4946C-3A97-49F3-B1CF-A05C949A0F66}.DebugSimulation|ARM.Build.0 = DebugOpteeSimulation|ARM
		{49C4946C-3A97-49F3-B1CF-A05C949A0F66}.DebugSimulation|x64.ActiveCfg = Simulation|x64
		{49C4946C-3A97-49F3-B1CF-A05C949A0F66}.DebugSimulation|x64.Build.0 = Simulation|x64
		{49C4946C-3A97-49F3-B1CF-A05C949A0F66}.DebugSimulation|x86.ActiveCfg = Simulation|Win32
		{49C4946C-3A97-49F3-B1CF-A05C949A0F66}.DebugSimulation|x86.Build.0 = Simulation|Win32
		{49C4946C-3A97-49F3-B1CF-A05C949A0F66}.Prerelease|ARM.ActiveCfg = Prerelease|x64
		{49C4946C-3A97-49F3-B1CF-A05C949A0F66}.Prerelease|ARM.Build.0 = Prerelease|x64
		{49C4946C-3A97-49F3-B1CF-A05C949A0F66}.Prerelease|x64.ActiveCfg = Prerelease|x64
		{49C4946C-3A97-49F3-B1CF-A05C949A0F66}.Prerelease|x64.Build.0 = Prerelease|x64
		{49C4946C-3A97-49F3-B1CF-A05C949A0F66}.Prerelease|x86.ActiveCfg = Prerelease|Win32
		{49C4946C-3A97-49F3-B1CF-A05C949A0F66}.Prerelease|x86.Build.0 = Prerelease|Win32
		{49C4946C-3A97-49F3-B1CF-A05C949A0F66}.Release|ARM.ActiveCfg = Release|Win32
		{49C4946C-3A97-49F3-B1CF-A05C949A0F66}.Release|x64.ActiveCfg = Release|x64
		{49C4946C-3A97-49F3-B1CF-A05C949A0F66}.Release|x64.Build.0 = Release|x64
		{49C4946C-3A97-49F3-B1CF-A05C949A0F66}.Release|x86.ActiveCfg = Release|Win32
		{49C4946C-3A97-49F3-B1CF-A05C949A0F66}.Release|x86.Build.0 = Release|Win32
		{49C4946C-3A97-49F3-B1CF-A05C949A0F66}.Simulation|ARM.ActiveCfg = Simulation|x64
		{49C4946C-3A97-49F3-B1CF-A05C949A0F66}.Simulation|ARM.Build.0 = Simulation|x64
		{49C4946C-3A97-49F3-B1CF-A05C949A0F66}.Simulation|x64.ActiveCfg = Simulation|x64
		{49C4946C-3A97-49F3-B1CF-A05C949A0F66}.Simulation|x64.Build.0 = Simulation|x64
		{49C4946C-3A97-49F3-B1CF-A05C949A0F66}.Simulation|x86.ActiveCfg = Simulation|Win32
		{49C4946C-3A97-49F3-B1CF-A05C949A0F66}.Simulation|x86.Build.0 = Simulation|Win32
		{12AC9341-3749-4F9E-87F8-4901B66FAE08}.Debug|ARM.ActiveCfg = Debug|ARM
		{12AC9341-3749-4F9E-87F8-4901B66FAE08}.Debug|ARM.Build.0 = Debug|ARM
		{12AC9341-3749-4F9E-87F8-4901B66FAE08}.Debug|x64.ActiveCfg = Debug|x64
		{12AC9341-3749-4F9E-87F8-4901B66FAE08}.Debug|x64.Build.0 = Debug|x64
		{12AC9341-3749-4F9E-87F8-4901B66FAE08}.Debug|x86.ActiveCfg = Debug|Win32
		{12AC9341-3749-4F9E-87F8-4901B66FAE08}.Debug|x86.Build.0 = Debug|Win32
		{12AC9341-3749-4F9E-87F8-4901B66FAE08}.DebugOpteeSimulation|ARM.ActiveCfg = DebugOpteeSimulation|ARM
		{12AC9341-3749-4F9E-87F8-4901B66FAE08}.DebugOpteeSimulation|ARM.Build.0 = DebugOpteeSimulation|ARM
		{12AC9341-3749-4F9E-87F8-4901B66FAE08}.DebugOpteeSimulation|x64.ActiveCfg = DebugOpteeSimulation|x64
		{12AC9341-3749-4F9E-87F8-4901B66FAE08}.DebugOpteeSimulation|x64.Build.0 = DebugOpteeSimulation|x64
		{12AC9341-3749-4F9E-87F8-4901B66FAE08}.DebugOpteeSimulation|x86.ActiveCfg = DebugOpteeSimulation|Win32
		{12AC9341-3749-4F9E-87F8-4901B66FAE08}.DebugOpteeSimulation|x86.Build.0 = DebugOpteeSimulation|Win32
		{12AC9341-3749-4F9E-87F8-4901B66FAE08}.DebugSimulation|ARM.ActiveCfg = DebugOpteeSimulation|ARM
		{12AC9341-3749-4F9E-87F8-4901B66FAE08}.DebugSimulation|ARM.Build.0 = DebugOpteeSimulation|ARM
		{12AC9341-3749-4F9E-87F8-4901B66FAE08}.DebugSimulation|x64.ActiveCfg = Simulation|x64
		{12AC9341-3749-4F9E-87F8-4901B66FAE08}.DebugSimulation|x64.Build.0 = Simulation|x64
		{12AC9341-3749-4F9E-87F8-4901B66FAE08}.DebugSimulation|x86.ActiveCfg = Simulation|Win32
		{12AC9341-3749-4F9E-87F8-4901B66FAE08}.DebugSimulation|x86.Build.0 = Simulation|Win32
		{12AC9341-3749-4F9E-87F8-4901B66FAE08}.Prerelease|ARM.ActiveCfg = Prerelease|x64
		{12AC9341-3749-4F9E-87F8-4901B66FAE08}.Prerelease|ARM.Build.0 = Prerelease|x64
		{12AC9341-3749-4F9E-87F8-4901B66FAE08}.Prerelease|x64.ActiveCfg = Prerelease|x64
		{12AC9341-3749-4F9E-87F8-4901B66FAE08}.Prerelease|x64.Build.0 = Prerelease|x64
		{12AC9341-3749-4F9E-87F8-4901B66FAE08}.Prerelease|x86.ActiveCfg = Prerelease|Win32
		{12AC9341-3749-4F9E-87F8-4901B66FAE08}.Prerelease|x86.Build.0 = Prerelease|Win32
		{12AC9341-3749-4F9E-87F8-4901B66FAE08}.Release|ARM.ActiveCfg = Release|Win32
		{12AC9341-3749-4F9E-87F8-4901B66FAE08}.Release|x64.ActiveCfg = Release|x64
		{12AC9341-3749-4F9E-87F8-4901B66FAE08}.Release|x64.Build.0 = Release|x64
		{12AC9341-3749-4F9E-87F8-4901B66FAE08}.Release|x86.ActiveCfg = Release|Win32
		{12AC9341-3749-4F9E-87F8-4901B66FAE08}.Release|x86.Build.0 = Release|Win32
		{12AC9341-3749-4F9E-87F8-4901B66FAE08}.Simulation|ARM.ActiveCfg = Simulation|x64
		{12AC9341-3749-4F9E-87F8-4901B66FAE08}.Simulation|ARM.Build.0 = Simulation|x64
		{12AC9341-3749-4F9E-87F8-4901B66FAE08}.Simulation|x64.ActiveCfg = Simulation|x64
		{12AC9341-3749-4F9E-87F8-4901B66FAE08}.Simulation|x64.Build.0 = Simulation|x64
		{12AC9341-3749-4F9E-87F8-4901B66FAE08}.Simulation|x86.ActiveCfg = Simulation|Win32
		{12AC9341-3749-4F9E-87F8-4901B66FAE08}.Simulation|x86.Build.0 = Simulation|Win32
		{D3C52EDD-A230-4CF1-8279-D0D111ABACF9}.Debug|ARM.ActiveCfg = Debug|ARM
		{D3C52EDD-A230-4CF1-8279-D0D111ABACF9}.Debug|ARM.Build.0 = Debug|ARM
		{D3C52EDD-A230-4CF1-8279-D0D111ABACF9}.Debug|x64.ActiveCfg = Debug|x64
		{D3C52EDD-A230-4CF1-8279-D0D111ABACF9}.Debug|x64.Build.0 = Debug|x64
		{D3C52EDD-A230-4CF1-8279-D0D111ABACF9}.Debug|x86.ActiveCfg = Debug|Win32
		{D3C52EDD-A230-4CF1-8279-D0D111ABACF9}.Debug|x86.Build.0 = Debug|Win32
		{D3C52EDD-A230-4CF1-8279-D0D111ABACF9}.DebugOpteeSimulation|ARM.ActiveCfg = DebugOpteeSimulation|ARM
		{D3C52EDD-A230-4CF1-8279-D0D111ABACF9}.DebugOpteeSimulation|ARM.Build.0 = DebugOpteeSimulation|ARM
		{D3C52EDD-A230-4CF1-8279-D0D111ABACF9}.DebugOpteeSimulation|x64.ActiveCfg = DebugOpteeSimulation|x64
		{D3C52EDD-A230-4CF1-8279-D0D111ABACF9}.DebugOpteeSimulation|x64.Build.0 = DebugOpteeSimulation|x64
		{D3C52EDD-A230-4CF1-8279-D0D111ABACF9}.DebugOpteeSimulation|x86.ActiveCfg = DebugOpteeSimulation|Win32
		{D3C52EDD-A230-4CF1-8279-D0D111ABACF9}.DebugOpteeSimulation|x86.Build.0 = DebugOpteeSimulation|Win32
		{D3C52EDD-A230-4CF1-8279-D0D111ABACF9}.DebugSimulation|ARM.ActiveCfg = DebugOpteeSimulation|ARM
		{D3C52EDD-A230-4CF1-8279-D0D111ABACF9}.DebugSimulation|ARM.Build.0 = DebugOpteeSimulation|ARM
		{D3C52EDD-A230-4CF1-8279-D0D111ABACF9}.DebugSimulation|x64.ActiveCfg = Simulation|x64
		{D3C52EDD-A230-4CF1-8279-D0D111ABACF9}.DebugSimulation|x64.Build.0 = Simulation|x64
		{D3C52EDD-A230-4CF1-8279-D0D111ABACF9}.DebugSimulation|x86.ActiveCfg = Simulation|Win32
		{D3C52EDD-A230-4CF1-8279-D0D111ABACF9}.DebugSimulation|x86.Build.0 = Simulation|Win32
		{D3C52EDD-A230-4CF1-8279-D0D111ABACF9}.Prerelease|ARM.ActiveCfg = Prerelease|x64
		{D3C52EDD-A230-4CF1-8279-D0D111ABACF9}.Prerelease|ARM.Build.0 = Prerelease|x64
		{D3C52EDD-A230-4CF1-8279-D0D111ABACF9}.Prerelease|x64.ActiveCfg = Prerelease|x64
		{D3C52EDD-A230-4CF1-8279-D0D111ABACF9}.Prerelease|x64.Build.0 = Prerelease|x64
		{D3C52EDD-A230-4CF1-8279-D0D111ABACF9}.Prerelease|x86.ActiveCfg = Prerelease|Win32
		{D3C52EDD-A230-4CF1-8279-D0D111ABACF9}.Prerelease|x86.Build.0 = Prerelease|Win32
		{D3C52EDD-A230-4CF1-8279-D0D111ABACF9}.Release|ARM.ActiveCfg = Release|Win32
		{D3C52EDD-A230-4CF1-8279-D0D111ABACF9}.Release|x64.ActiveCfg = Release|x64
		{D3C52EDD-A230-4CF1-8279-D0D111ABACF9}.Release|x64.Build.0 = Release|x64
		{D3C52EDD-A230-4CF1-8279-D0D111ABACF9}.Release|x86.ActiveCfg = Release|Win32
		{D3C52EDD-A230-4CF1-8279-D0D111ABACF9}.Release|x86.Build.0 = Release|Win32
		{D3C52EDD-A230-4CF1-8279-D0D111ABACF9}.Simulation|ARM.ActiveCfg = Simulation|x64
		{D3C52EDD-A230-4CF1-8279-D0D111ABACF9}.Simulation|ARM.Build.0 = Simulation|x64
		{D3C52EDD-A230-4CF1-8279-D0D111ABACF9}.Simulation|x64.ActiveCfg = Simulation|x64
		{D3C52EDD-A230-4CF1-8279-D0D111ABACF9}.Simulation|x64.Build.0 = Simulation|x64
		{D3C52EDD-A230-4CF1-8279-D0D111ABACF9}.Simulation|x86.ActiveCfg = Simulation|Win32
		{D3C52EDD-A230-4CF1-8279-D0D111ABACF9}.Simulation|x86.Build.0 = Simulation|Win32
		{C2A86939-0961-4089-A706-0C1C27634186}.Debug|ARM.ActiveCfg = Debug|ARM
		{C2A86939-0961-4089-A706-0C1C27634186}.Debug|ARM.Build.0 = Debug|ARM
		{C2A86939-0961-4089-A706-0C1C27634186}.Debug|x64.ActiveCfg = Debug|x64
		{C2A86939-0961-4089-A706-0C1C27634186}.Debug|x64.Build.0 = Debug|x64
		{C2A86939-0961-4089-A706-0C1C27634186}.Debug|x86.ActiveCfg = Debug|Win32
		{C2A86939-0961-4089-A706-0C1C27634186}.Debug|x86.Build.0 = Debug|Win32
		{C2A86939-0961-4089-A706-0C1C27634186}.DebugOpteeSimulation|ARM.ActiveCfg = Debug|ARM
		{C2A86939-0961-4089-A706-0C1C27634186}.DebugOpteeSimulation|ARM.Build.0 = Debug|ARM
		{C2A86939-0961-4089-A706-0C1C27634186}.DebugOpteeSimulation|x64.ActiveCfg = Debug|x64
		{C2A86939-0961-4089-A706-0C1C27634186}.DebugOpteeSimulation|x64.Build.0 = Debug|x64
		{C2A86939-0961-4089-A706-0C1C27634186}.DebugOpteeSimulation|x86.ActiveCfg = Debug|Win32
		{C2A86939-0961-4089-A706-0C1C27634186}.DebugOpteeSimulation|x86.Build.0 = Debug|Win32
		{C2A86939-0961-4089-A706-0C1C27634186}.DebugSimulation|ARM.ActiveCfg = Debug|ARM
		{C2A86939-0961-4089-A706-0C1C27634186}.DebugSimulation|ARM.Build.0 = Debug|ARM
		{C2A86939-0961-4089-A706-0C1C27634186}.DebugSimulation|x64.ActiveCfg = Debug|x64
		{C2A86939-0961-4089-A706-0C1C27634186}.DebugSimulation|x64.Build.0 = Debug|x64
		{C2A86939-0961-4089-A706-0C1C27634186}.DebugSimulation|x86.ActiveCfg = Debug|Win32
		{C2A86939-0961-4089-A706-0C1C27634186}.DebugSimulation|x86.Build.0 = Debug|Win32
		{C2A86939-0961-4089-A706-0C1C27634186}.Prerelease|ARM.ActiveCfg = Release|x64
		{C2A86939-0961-4089-A706-0C1C27634186}.Prerelease|ARM.Build.0 = Release|x64
		{C2A86939-0961-4089-A706-0C1C27634186}.Prerelease|x64.ActiveCfg = Release|x64
		{C2A86939-0961-4089-A706-0C1C27634186}.Prerelease|x64.Build.0 = Release|x64
		{C2A86939-0961-4089-A706-0C1C27634186}.Prerelease|x86.ActiveCfg = Release|Win32
		{C2A86939-0961-4089-A706-0C1C27634186}.Prerelease|x86.Build.0 = Release|Win32
		{C2A86939-0961-4089-A706-0C1C27634186}.Release|ARM.ActiveCfg = Release|Win32
		{C2A86939-0961-4089-A706-0C1C27634186}.Release|x64.ActiveCfg = Release|x64
		{C2A86939-0961-4089-A706-0C1C27634186}.Release|x64.Build.0 = Release|x64
		{C2A86939-0961-4089-A706-0C1C27634186}.Release|x86.ActiveCfg = Release|Win32
		{C2A86939-0961-4089-A706-0C1C27634186}.Release|x86.Build.0 = Release|Win32
		{C2A86939-0961-4089-A706-0C1C27634186}.Simulation|ARM.ActiveCfg = Release|x64
		{C2A86939-0961-4089-A706-0C1C27634186}.Simulation|ARM.Build.0 = Release|x64
		{C2A86939-0961-4089-A706-0C1C27634186}.Simulation|x64.ActiveCfg = Release|x64
		{C2A86939-0961-4089-A706-0C1C27634186}.Simulation|x64.Build.0 = Release|x64
		{C2A86939-0961-4089-A706-0C1C27634186}.Simulation|x86.ActiveCfg = Release|Win32
		{C2A86939-0961-4089-A706-0C1C27634186}.Simulation|x86.Build.0 = Release|Win32
		{E759EE7C-5BB2-4988-89D1-CE1C0FD623F3}.Debug|ARM.ActiveCfg = Debug|Win32
		{E759EE7C-5BB2-4988-89D1-CE1C0FD623F3}.Debug|x64.ActiveCfg = Debug|x64
		{E759EE7C-5BB2-4988-89D1-CE1C0FD623F3}.Debug|x64.Build.0 = Debug|x64
		{E759EE7C-5BB2-4988-89D1-CE1C0FD623F3}.Debug|x86.ActiveCfg = Debug|Win32
		{E759EE7C-5BB2-4988-89D1-CE1C0FD623F3}.Debug|x86.Build.0 = Debug|Win32
		{E759EE7C-5BB2-4988-89D1-CE1C0FD623F3}.DebugOpteeSimulation|ARM.ActiveCfg = DebugOpteeSimulation|ARM
		{E759EE7C-5BB2-4988-89D1-CE1C0FD623F3}.DebugOpteeSimulation|ARM.Build.0 = DebugOpteeSimulation|ARM
		{E759EE7C-5BB2-4988-89D1-CE1C0FD623F3}.DebugOpteeSimulation|x64.ActiveCfg = DebugOpteeSimulation|x64
		{E759EE7C-5BB2-4988-89D1-CE1C0FD623F3}.DebugOpteeSimulation|x64.Build.0 = DebugOpteeSimulation|x64
		{E759EE7C-5BB2-4988-89D1-CE1C0FD623F3}.DebugOpteeSimulation|x86.ActiveCfg = DebugOpteeSimulation|Win32
		{E759EE7C-5BB2-4988-89D1-CE1C0FD623F3}.DebugOpteeSimulation|x86.Build.0 = DebugOpteeSimulation|Win32
		{E759EE7C-5BB2-4988-89D1-CE1C0FD623F3}.DebugSimulation|ARM.ActiveCfg = DebugOpteeSimulation|ARM
		{E759EE7C-5BB2-4988-89D1-CE1C0FD623F3}.DebugSimulation|ARM.Build.0 = DebugOpteeSimulation|ARM
		{E759EE7C-5BB2-4988-89D1-CE1C0FD623F3}.DebugSimulation|x64.ActiveCfg = Simulation|x64
		{E759EE7C-5BB2-4988-89D1-CE1C0FD623F3}.DebugSimulation|x64.Build.0 = Simulation|x64
		{E759EE7C-5BB2-4988-89D1-CE1C0FD623F3}.DebugSimulation|x86.ActiveCfg = Simulation|Win32
		{E759EE7C-5BB2-4988-89D1-CE1C0FD623F3}.DebugSimulation|x86.Build.0 = Simulation|Win32
		{E759EE7C-5BB2-4988-89D1-CE1C0FD623F3}.Prerelease|ARM.ActiveCfg = Prerelease|Win32
		{E759EE7C-5BB2-4988-89D1-CE1C0FD623F3}.Prerelease|x64.ActiveCfg = Prerelease|x64
		{E759EE7C-5BB2-4988-89D1-CE1C0FD623F3}.Prerelease|x64.Build.0 = Prerelease|x64
		{E759EE7C-5BB2-4988-89D1-CE1C0FD623F3}.Prerelease|x86.ActiveCfg = Prerelease|Win32
		{E759EE7C-5BB2-4988-89D1-CE1C0FD623F3}.Prerelease|x86.Build.0 = Prerelease|Win32
		{E759EE7C-5BB2-4988-89D1-CE1C0FD623F3}.Release|ARM.ActiveCfg = Release|Win32
		{E759EE7C-5BB2-4988-89D1-CE1C0FD623F3}.Release|x64.ActiveCfg = Release|x64
		{E759EE7C-5BB2-4988-89D1-CE1C0FD623F3}.Release|x64.Build.0 = Release|x64
		{E759EE7C-5BB2-4988-89D1-CE1C0FD623F3}.Release|x86.ActiveCfg = Release|Win32
		{E759EE7C-5BB2-4988-89D1-CE1C0FD623F3}.Release|x86.Build.0 = Release|Win32
		{E759EE7C-5BB2-4988-89D1-CE1C0FD623F3}.Simulation|ARM.ActiveCfg = Simulation|Win32
		{E759EE7C-5BB2-4988-89D1-CE1C0FD623F3}.Simulation|x64.ActiveCfg = Simulation|x64
		{E759EE7C-5BB2-4988-89D1-CE1C0FD623F3}.Simulation|x64.Build.0 = Simulation|x64
		{E759EE7C-5BB2-4988-89D1-CE1C0FD623F3}.Simulation|x86.ActiveCfg = Simulation|Win32
		{E759EE7C-5BB2-4988-89D1-CE1C0FD623F3}.Simulation|x86.Build.0 = Simulation|Win32
		{4A43FD9B-A9D5-4B3B-BD06-2E87597476B5}.Debug|ARM.ActiveCfg = Debug|ARM
		{4A43FD9B-A9D5-4B3B-BD06-2E87597476B5}.Debug|ARM.Build.0 = Debug|ARM
		{4A43FD9B-A9D5-4B3B-BD06-2E87597476B5}.Debug|x64.ActiveCfg = Debug|x64
		{4A43FD9B-A9D5-4B3B-BD06-2E87597476B5}.Debug|x64.Build.0 = Debug|x64
		{4A43FD9B-A9D5-4B3B-BD06-2E87597476B5}.Debug|x86.ActiveCfg = Debug|Win32
		{4A43FD9B-A9D5-4B3B-BD06-2E87597476B5}.Debug|x86.Build.0 = Debug|Win32
		{4A43FD9B-A9D5-4B3B-BD06-2E87597476B5}.DebugOpteeSimulation|ARM.ActiveCfg = DebugOpteeSimulation|ARM
		{4A43FD9B-A9D5-4B3B-BD06-2E87597476B5}.DebugOpteeSimulation|ARM.Build.0 = DebugOpteeSimulation|ARM
		{4A43FD9B-A9D5-4B3B-BD06-2E87597476B5}.DebugOpteeSimulation|x64.ActiveCfg = DebugOpteeSimulation|x64
		{4A43FD9B-A9D5-4B3B-BD06-2E87597476B5}.DebugOpteeSimulation|x64.Build.0 = DebugOpteeSimulation|x64
		{4A43FD9B-A9D5-4B3B-BD06-2E87597476B5}.DebugOpteeSimulation|x86.ActiveCfg = DebugOpteeSimulation|Win32
		{4A43FD9B-A9D5-4B3B-BD06-2E87597476B5}.DebugOpteeSimulation|x86.Build.0 = DebugOpteeSimulation|Win32
		{4A43FD9B-A9D5-4B3B-BD06-2E87597476B5}.DebugSimulation|ARM.ActiveCfg = DebugOpteeSimulation|ARM
		{4A43FD9B-A9D5-4B3B-BD06-2E87597476B5}.DebugSimulation|ARM.Build.0 = DebugOpteeSimulation|ARM
		{4A43FD9B-A9D5-4B3B-BD06-2E87597476B5}.DebugSimulation|x64.ActiveCfg = Simulation|x64
		{4A43FD9B-A9D5-4B3B-BD06-2E87597476B5}.DebugSimulation|x64.Build.0 = Simulation|x64
		{4A43FD9B-A9D5-4B3B-BD06-2E87597476B5}.DebugSimulation|x86.ActiveCfg = Simulation|Win32
		{4A43FD9B-A9D5-4B3B-BD06-2E87597476B5}.DebugSimulation|x86.Build.0 = Simulation|Win32
		{4A43FD9B-A9D5-4B3B-BD06-2E87597476B5}.Prerelease|ARM.ActiveCfg = Prerelease|x64
		{4A43FD9B-A9D5-4B3B-BD06-2E87597476B5}.Prerelease|ARM.Build.0 = Prerelease|x64
		{4A43FD9B-A9D5-4B3B-BD06-2E87597476B5}.Prerelease|x64.ActiveCfg = Prerelease|x64
		{4A43FD9B-A9D5-4B3B-BD06-2E87597476B5}.Prerelease|x64.Build.0 = Prerelease|x64
		{4A43FD9B-A9D5-4B3B-BD06-2E87597476B5}.Prerelease|x86.ActiveCfg = Prerelease|Win32
		{4A43FD9B-A9D5-4B3B-BD06-2E87597476B5}.Prerelease|x86.Build.0 = Prerelease|Win32
		{4A43FD9B-A9D5-4B3B-BD06-2E87597476B5}.Release|ARM.ActiveCfg = Release|Win32
		{4A43FD9B-A9D5-4B3B-BD06-2E87597476B5}.Release|x64.ActiveCfg = Release|x64
		{4A43FD9B-A9D5-4B3B-BD06-2E87597476B5}.Release|x64.Build.0 = Release|x64
		{4A43FD9B-A9D5-4B3B-BD06-2E87597476B5}.Release|x86.ActiveCfg = Release|Win32
		{4A43FD9B-A9D5-4B3B-BD06-2E87597476B5}.Release|x86.Build.0 = Release|Win32
		{4A43FD9B-A9D5-4B3B-BD06-2E87597476B5}.Simulation|ARM.ActiveCfg = Simulation|x64
		{4A43FD9B-A9D5-4B3B-BD06-2E87597476B5}.Simulation|ARM.Build.0 = Simulation|x64
		{4A43FD9B-A9D5-4B3B-BD06-2E87597476B5}.Simulation|x64.ActiveCfg = Simulation|x64
		{4A43FD9B-A9D5-4B3B-BD06-2E87597476B5}.Simulation|x64.Build.0 = Simulation|x64
		{4A43FD9B-A9D5-4B3B-BD06-2E87597476B5}.Simulation|x86.ActiveCfg = Simulation|Win32
		{4A43FD9B-A9D5-4B3B-BD06-2E87597476B5}.Simulation|x86.Build.0 = Simulation|Win32
		{38AD85CB-7F69-4ADC-9835-BFD2A1A5D04E}.Debug|ARM.ActiveCfg = Debug|Win32
		{38AD85CB-7F69-4ADC-9835-BFD2A1A5D04E}.Debug|x64.ActiveCfg = Debug|x64
		{38AD85CB-7F69-4ADC-9835-BFD2A1A5D04E}.Debug|x64.Build.0 = Debug|x64
		{38AD85CB-7F69-4ADC-9835-BFD2A1A5D04E}.Debug|x86.ActiveCfg = Debug|Win32
		{38AD85CB-7F69-4ADC-9835-BFD2A1A5D04E}.Debug|x86.Build.0 = Debug|Win32
		{38AD85CB-7F69-4ADC-9835-BFD2A1A5D04E}.DebugOpteeSimulation|ARM.ActiveCfg = DebugOpteeSimulation|ARM
		{38AD85CB-7F69-4ADC-9835-BFD2A1A5D04E}.DebugOpteeSimulation|ARM.Build.0 = DebugOpteeSimulation|ARM
		{38AD85CB-7F69-4ADC-9835-BFD2A1A5D04E}.DebugOpteeSimulation|x64.ActiveCfg = DebugOpteeSimulation|x64
		{38AD85CB-7F69-4ADC-9835-BFD2A1A5D04E}.DebugOpteeSimulation|x64.Build.0 = DebugOpteeSimulation|x64
		{38AD85CB-7F69-4ADC-9835-BFD2A1A5D04E}.DebugOpteeSimulation|x86.ActiveCfg = DebugOpteeSimulation|Win32
		{38AD85CB-7F69-4ADC-9835-BFD2A1A5D04E}.DebugOpteeSimulation|x86.Build.0 = DebugOpteeSimulation|Win32
		{38AD85CB-7F69-4ADC-9835-BFD2A1A5D04E}.DebugSimulation|ARM.ActiveCfg = DebugOpteeSimulation|ARM
		{38AD85CB-7F69-4ADC-9835-BFD2A1A5D04E}.DebugSimulation|ARM.Build.0 = DebugOpteeSimulation|ARM
		{38AD85CB-7F69-4ADC-9835-BFD2A1A5D04E}.DebugSimulation|x64.ActiveCfg = Simulation|x64
		{38AD85CB-7F69-4ADC-9835-BFD2A1A5D04E}.DebugSimulation|x64.Build.0 = Simulation|x64
		{38AD85CB-7F69-4ADC-9835-BFD2A1A5D04E}.DebugSimulation|x86.ActiveCfg = Simulation|Win32
		{38AD85CB-7F69-4ADC-9835-BFD2A1A5D04E}.DebugSimulation|x86.Build.0 = Simulation|Win32
		{38AD85CB-7F69-4ADC-9835-BFD2A1A5D04E}.Prerelease|ARM.ActiveCfg = Prerelease|Win32
		{38AD85CB-7F69-4ADC-9835-BFD2A1A5D04E}.Prerelease|x64.ActiveCfg = Prerelease|x64
		{38AD85CB-7F69-4ADC-9835-BFD2A1A5D04E}.Prerelease|x64.Build.0 = Prerelease|x64
		{38AD85CB-7F69-4ADC-9835-BFD2A1A5D04E}.Prerelease|x86.ActiveCfg = Prerelease|Win32
		{38AD85CB-7F69-4ADC-9835-BFD2A1A5D04E}.Prerelease|x86.Build.0 = Prerelease|Win32
		{38AD85CB-7F69-4ADC-9835-BFD2A1A5D04E}.Release|ARM.ActiveCfg = Release|Win32
		{38AD85CB-7F69-4ADC-9835-BFD2A1A5D04E}.Release|x64.ActiveCfg = Release|x64
		{38AD85CB-7F69-4ADC-9835-BFD2A1A5D04E}.Release|x64.Build.0 = Release|x64
		{38AD85CB-7F69-4ADC-9835-BFD2A1A5D04E}.Release|x86.ActiveCfg = Release|Win32
		{38AD85CB-7F69-4ADC-9835-BFD2A1A5D04E}.Release|x86.Build.0 = Release|Win32
		{38AD85CB-7F69-4ADC-9835-BFD2A1A5D04E}.Simulation|ARM.ActiveCfg = Simulation|Win32
		{38AD85CB-7F69-4ADC-9835-BFD2A1A5D04E}.Simulation|x64.ActiveCfg = Simulation|x64
		{38AD85CB-7F69-4ADC-9835-BFD2A1A5D04E}.Simulation|x64.Build.0 = Simulation|x64
		{38AD85CB-7F69-4ADC-9835-BFD2A1A5D04E}.Simulation|x86.ActiveCfg = Simulation|Win32
		{38AD85CB-7F69-4ADC-9835-BFD2A1A5D04E}.Simulation|x86.Build.0 = Simulation|Win32
		{75DB709B-D5BF-452B-AFB9-F8F92EB8BBEC}.Debug|ARM.ActiveCfg = Debug|Win32
		{75DB709B-D5BF-452B-AFB9-F8F92EB8BBEC}.Debug|x64.ActiveCfg = Debug|x64
		{75DB709B-D5BF-452B-AFB9-F8F92EB8BBEC}.Debug|x64.Build.0 = Debug|x64
		{75DB709B-D5BF-452B-AFB9-F8F92EB8BBEC}.Debug|x86.ActiveCfg = Debug|Win32
		{75DB709B-D5BF-452B-AFB9-F8F92EB8BBEC}.Debug|x86.Build.0 = Debug|Win32
		{75DB709B-D5BF-452B-AFB9-F8F92EB8BBEC}.DebugOpteeSimulation|ARM.ActiveCfg = DebugOpteeSimulation|ARM
		{75DB709B-D5BF-452B-AFB9-F8F92EB8BBEC}.DebugOpteeSimulation|ARM.Build.0 = DebugOpteeSimulation|ARM
		{75DB709B-D5BF-452B-AFB9-F8F92EB8BBEC}.DebugOpteeSimulation|x64.ActiveCfg = DebugOpteeSimulation|x64
		{75DB709B-D5BF-452B-AFB9-F8F92EB8BBEC}.DebugOpteeSimulation|x64.Build.0 = DebugOpteeSimulation|x64
		{75DB709B-D5BF-452B-AFB9-F8F92EB8BBEC}.DebugOpteeSimulation|x86.ActiveCfg = DebugOpteeSimulation|Win32
		{75DB709B-D5BF-452B-AFB9-F8F92EB8BBEC}.DebugOpteeSimulation|x86.Build.0 = DebugOpteeSimulation|Win32
		{75DB709B-D5BF-452B-AFB9-F8F92EB8BBEC}.DebugSimulation|ARM.ActiveCfg = Release|x64
		{75DB709B-D5BF-452B-AFB9-F8F92EB8BBEC}.DebugSimulation|ARM.Build.0 = Release|x64
		{75DB709B-D5BF-452B-AFB9-F8F92EB8BBEC}.DebugSimulation|x64.ActiveCfg = Debug|x64
		{75DB709B-D5BF-452B-AFB9-F8F92EB8BBEC}.DebugSimulation|x64.Build.0 = Debug|x64
		{75DB709B-D5BF-452B-AFB9-F8F92EB8BBEC}.DebugSimulation|x86.ActiveCfg = Debug|Win32
		{75DB709B-D5BF-452B-AFB9-F8F92EB8BBEC}.DebugSimulation|x86.Build.0 = Debug|Win32
		{75DB709B-D5BF-452B-AFB9-F8F92EB8BBEC}.Prerelease|ARM.ActiveCfg = Prerelease|Win32
		{75DB709B-D5BF-452B-AFB9-F8F92EB8BBEC}.Prerelease|x64.ActiveCfg = Prerelease|x64
		{75DB709B-D5BF-452B-AFB9-F8F92EB8BBEC}.Prerelease|x64.Build.0 = Prerelease|x64
		{75DB709B-D5BF-452B-AFB9-F8F92EB8BBEC}.Prerelease|x86.ActiveCfg = Prerelease|Win32
		{75DB709B-D5BF-452B-AFB9-F8F92EB8BBEC}.Prerelease|x86.Build.0 = Prerelease|Win32
		{75DB709B-D5BF-452B-AFB9-F8F92EB8BBEC}.Release|ARM.ActiveCfg = Release|Win32
		{75DB709B-D5BF-452B-AFB9-F8F92EB8BBEC}.Release|x64.ActiveCfg = Release|x64
		{75DB709B-D5BF-452B-AFB9-F8F92EB8BBEC}.Release|x64.Build.0 = Release|x64
		{75DB709B-D5BF-452B-AFB9-F8F92EB8BBEC}.Release|x86.ActiveCfg = Release|Win32
		{75DB709B-D5BF-452B-AFB9-F8F92EB8BBEC}.Release|x86.Build.0 = Release|Win32
		{75DB709B-D5BF-452B-AFB9-F8F92EB8BBEC}.Simulation|ARM.ActiveCfg = Simulation|Win32
		{75DB709B-D5BF-452B-AFB9-F8F92EB8BBEC}.Simulation|x64.ActiveCfg = Simulation|x64
		{75DB709B-D5BF-452B-AFB9-F8F92EB8BBEC}.Simulation|x64.Build.0 = Simulation|x64
		{75DB709B-D5BF-452B-AFB9-F8F92EB8BBEC}.Simulation|x86.ActiveCfg = Simulation|Win32
		{75DB709B-D5BF-452B-AFB9-F8F92EB8BBEC}.Simulation|x86.Build.0 = Simulation|Win32
		{12E2E2D6-830E-4B05-B657-C858C2DE54E3}.Debug|ARM.ActiveCfg = Debug|ARM
		{12E2E2D6-830E-4B05-B657-C858C2DE54E3}.Debug|ARM.Build.0 = Debug|ARM
		{12E2E2D6-830E-4B05-B657-C858C2DE54E3}.Debug|x64.ActiveCfg = Debug|x64
		{12E2E2D6-830E-4B05-B657-C858C2DE54E3}.Debug|x64.Build.0 = Debug|x64
		{12E2E2D6-830E-4B05-B657-C858C2DE54E3}.Debug|x86.ActiveCfg = Debug|Win32
		{12E2E2D6-830E-4B05-B657-C858C2DE54E3}.Debug|x86.Build.0 = Debug|Win32
		{12E2E2D6-830E-4B05-B657-C858C2DE54E3}.DebugOpteeSimulation|ARM.ActiveCfg = DebugOpteeSimulation|ARM
		{12E2E2D6-830E-4B05-B657-C858C2DE54E3}.DebugOpteeSimulation|ARM.Build.0 = DebugOpteeSimulation|ARM
		{12E2E2D6-830E-4B05-B657-C858C2DE54E3}.DebugOpteeSimulation|x64.ActiveCfg = DebugOpteeSimulation|x64
		{12E2E2D6-830E-4B05-B657-C858C2DE54E3}.DebugOpteeSimulation|x64.Build.0 = DebugOpteeSimulation|x64
		{12E2E2D6-830E-4B05-B657-C858C2DE54E3}.DebugOpteeSimulation|x86.ActiveCfg = DebugOpteeSimulation|Win32
		{12E2E2D6-830E-4B05-B657-C858C2DE54E3}.DebugOpteeSimulation|x86.Build.0 = DebugOpteeSimulation|Win32
		{12E2E2D6-830E-4B05-B657-C858C2DE54E3}.DebugSimulation|ARM.ActiveCfg = Release|x64
		{12E2E2D6-830E-4B05-B657-C858C2DE54E3}.DebugSimulation|ARM.Build.0 = Release|x64
		{12E2E2D6-830E-4B05-B657-C858C2DE54E3}.DebugSimulation|x64.ActiveCfg = Debug|x64
		{12E2E2D6-830E-4B05-B657-C858C2DE54E3}.DebugSimulation|x64.Build.0 = Debug|x64
		{12E2E2D6-830E-4B05-B657-C858C2DE54E3}.DebugSimulation|x86.ActiveCfg = Debug|Win32
		{12E2E2D6-830E-4B05-B657-C858C2DE54E3}.DebugSimulation|x86.Build.0 = Debug|Win32
		{12E2E2D6-830E-4B05-B657-C858C2DE54E3}.Prerelease|ARM.ActiveCfg = Prerelease|Win32
		{12E2E2D6-830E-4B05-B657-C858C2DE54E3}.Prerelease|x64.ActiveCfg = Prerelease|x64
		{12E2E2D6-830E-4B05-B657-C858C2DE54E3}.Prerelease|x64.Build.0 = Prerelease|x64
		{12E2E2D6-830E-4B05-B657-C858C2DE54E3}.Prerelease|x86.ActiveCfg = Prerelease|Win32
		{12E2E2D6-830E-4B05-B657-C858C2DE54E3}.Prerelease|x86.Build.0 = Prerelease|Win32
		{12E2E2D6-830E-4B05-B657-C858C2DE54E3}.Release|ARM.ActiveCfg = Release|Win32
		{12E2E2D6-830E-4B05-B657-C858C2DE54E3}.Release|x64.ActiveCfg = Release|x64
		{12E2E2D6-830E-4B05-B657-C858C2DE54E3}.Release|x64.Build.0 = Release|x64
		{12E2E2D6-830E-4B05-B657-C858C2DE54E3}.Release|x86.ActiveCfg = Release|Win32
		{12E2E2D6-830E-4B05-B657-C858C2DE54E3}.Release|x86.Build.0 = Release|Win32
		{12E2E2D6-830E-4B05-B657-C858C2DE54E3}.Simulation|ARM.ActiveCfg = Simulation|Win32
		{12E2E2D6-830E-4B05-B657-C858C2DE54E3}.Simulation|x64.ActiveCfg = Simulation|x64
		{12E2E2D6-830E-4B05-B657-C858C2DE54E3}.Simulation|x64.Build.0 = Simulation|x64
		{12E2E2D6-830E-4B05-B657-C858C2DE54E3}.Simulation|x86.ActiveCfg = Simulation|Win32
		{12E2E2D6-830E-4B05-B657-C858C2DE54E3}.Simulation|x86.Build.0 = Simulation|Win32
		{C95D1877-86E1-47C0-A568-08859E619EC4}.Debug|ARM.ActiveCfg = Debug|Win32
		{C95D1877-86E1-47C0-A568-08859E619EC4}.Debug|x64.ActiveCfg = Debug|x64
		{C95D1877-86E1-47C0-A568-08859E619EC4}.Debug|x64.Build.0 = Debug|x64
		{C95D1877-86E1-47C0-A568-08859E619EC4}.Debug|x86.ActiveCfg = Debug|Win32
		{C95D1877-86E1-47C0-A568-08859E619EC4}.Debug|x86.Build.0 = Debug|Win32
		{C95D1877-86E1-47C0-A568-08859E619EC4}.DebugOpteeSimulation|ARM.ActiveCfg = DebugOpteeSimulation|ARM
		{C95D1877-86E1-47C0-A568-08859E619EC4}.DebugOpteeSimulation|ARM.Build.0 = DebugOpteeSimulation|ARM
		{C95D1877-86E1-47C0-A568-08859E619EC4}.DebugOpteeSimulation|x64.ActiveCfg = DebugOpteeSimulation|x64
		{C95D1877-86E1-47C0-A568-08859E619EC4}.DebugOpteeSimulation|x64.Build.0 = DebugOpteeSimulation|x64
		{C95D1877-86E1-47C0-A568-08859E619EC4}.DebugOpteeSimulation|x86.ActiveCfg = DebugOpteeSimulation|Win32
		{C95D1877-86E1-47C0-A568-08859E619EC4}.DebugOpteeSimulation|x86.Build.0 = DebugOpteeSimulation|Win32
		{C95D1877-86E1-47C0-A568-08859E619EC4}.DebugSimulation|ARM.ActiveCfg = Release|x64
		{C95D1877-86E1-47C0-A568-08859E619EC4}.DebugSimulation|ARM.Build.0 = Release|x64
		{C95D1877-86E1-47C0-A568-08859E619EC4}.DebugSimulation|x64.ActiveCfg = Debug|x64
		{C95D1877-86E1-47C0-A568-08859E619EC4}.DebugSimulation|x64.Build.0 = Debug|x64
		{C95D1877-86E1-47C0-A568-08859E619EC4}.DebugSimulation|x86.ActiveCfg = Debug|Win32
		{C95D1877-86E1-47C0-A568-08859E619EC4}.DebugSimulation|x86.Build.0 = Debug|Win32
		{C95D1877-86E1-47C0-A568-08859E619EC4}.Prerelease|ARM.ActiveCfg = Prerelease|Win32
		{C95D1877-86E1-47C0-A568-08859E619EC4}.Prerelease|x64.ActiveCfg = Prerelease|x64
		{C95D1877-86E1-47C0-A568-08859E619EC4}.Prerelease|x64.Build.0 = Prerelease|x64
		{C95D1877-86E1-47C0-A568-08859E619EC4}.Prerelease|x86.ActiveCfg = Prerelease|Win32
		{C95D1877-86E1-47C0-A568-08859E619EC4}.Prerelease|x86.Build.0 = Prerelease|Win32
		{C95D1877-86E1-47C0-A568-08859E619EC4}.Release|ARM.ActiveCfg = Release|Win32
		{C95D1877-86E1-47C0-A568-08859E619EC4}.Release|x64.ActiveCfg = Release|x64
		{C95D1877-86E1-47C0-A568-08859E619EC4}.Release|x64.Build.0 = Release|x64
		{C95D1877-86E1-47C0-A568-08859E619EC4}.Release|x86.ActiveCfg = Release|Win32
		{C95D1877-86E1-47C0-A568-08859E619EC4}.Release|x86.Build.0 = Release|Win32
		{C95D1877-86E1-47C0-A568-08859E619EC4}.Simulation|ARM.ActiveCfg = Simulation|Win32
		{C95D1877-86E1-47C0-A568-08859E619EC4}.Simulation|x64.ActiveCfg = Simulation|x64
		{C95D1877-86E1-47C0-A568-08859E619EC4}.Simulation|x64.Build.0 = Simulation|x64
		{C95D1877-86E1-47C0-A568-08859E619EC4}.Simulation|x86.ActiveCfg = Simulation|Win32
		{C95D1877-86E1-47C0-A568-08859E619EC4}.Simulation|x86.Build.0 = Simulation|Win32
		{D8830D23-CF49-497E-8883-832EC758DE98}.Debug|ARM.ActiveCfg = Debug|ARM
		{D8830D23-CF49-497E-8883-832EC758DE98}.Debug|ARM.Build.0 = Debug|ARM
		{D8830D23-CF49-497E-8883-832EC758DE98}.Debug|x64.ActiveCfg = Debug|x64
		{D8830D23-CF49-497E-8883-832EC758DE98}.Debug|x64.Build.0 = Debug|x64
		{D8830D23-CF49-497E-8883-832EC758DE98}.Debug|x86.ActiveCfg = Debug|Win32
		{D8830D23-CF49-497E-8883-832EC758DE98}.Debug|x86.Build.0 = Debug|Win32
		{D8830D23-CF49-497E-8883-832EC758DE98}.DebugOpteeSimulation|ARM.ActiveCfg = DebugOpteeSimulation|ARM
		{D8830D23-CF49-497E-8883-832EC758DE98}.DebugOpteeSimulation|ARM.Build.0 = DebugOpteeSimulation|ARM
		{D8830D23-CF49-497E-8883-832EC758DE98}.DebugOpteeSimulation|x64.ActiveCfg = DebugOpteeSimulation|x64
		{D8830D23-CF49-497E-8883-832EC758DE98}.DebugOpteeSimulation|x64.Build.0 = DebugOpteeSimulation|x64
		{D8830D23-CF49-497E-8883-832EC758DE98}.DebugOpteeSimulation|x86.ActiveCfg = DebugOpteeSimulation|Win32
		{D8830D23-CF49-497E-8883-832EC758DE98}.DebugOpteeSimulation|x86.Build.0 = DebugOpteeSimulation|Win32
		{D8830D23-CF49-497E-8883-832EC758DE98}.DebugSimulation|ARM.ActiveCfg = Release|x64
		{D8830D23-CF49-497E-8883-832EC758DE98}.DebugSimulation|ARM.Build.0 = Release|x64
		{D8830D23-CF49-497E-8883-832EC758DE98}.DebugSimulation|x64.ActiveCfg = Debug|x64
		{D8830D23-CF49-497E-8883-832EC758DE98}.DebugSimulation|x64.Build.0 = Debug|x64
		{D8830D23-CF49-497E-8883-832EC758DE98}.DebugSimulation|x86.ActiveCfg = Debug|Win32
		{D8830D23-CF49-497E-8883-832EC758DE98}.DebugSimulation|x86.Build.0 = Debug|Win32
		{D8830D23-CF49-497E-8883-832EC758DE98}.Prerelease|ARM.ActiveCfg = Prerelease|x64
		{D8830D23-CF49-497E-8883-832EC758DE98}.Prerelease|ARM.Build.0 = Prerelease|x64
		{D8830D23-CF49-497E-8883-832EC758DE98}.Prerelease|x64.ActiveCfg = Prerelease|x64
		{D8830D23-CF49-497E-8883-832EC758DE98}.Prerelease|x64.Build.0 = Prerelease|x64
		{D8830D23-CF49-497E-8883-832EC758DE98}.Prerelease|x86.ActiveCfg = Prerelease|Win32
		{D8830D23-CF49-497E-8883-832EC758DE98}.Prerelease|x86.Build.0 = Prerelease|Win32
		{D8830D23-CF49-497E-8883-832EC758DE98}.Release|ARM.ActiveCfg = Release|Win32
		{D8830D23-CF49-497E-8883-832EC758DE98}.Release|x64.ActiveCfg = Release|x64
		{D8830D23-CF49-497E-8883-832EC758DE98}.Release|x64.Build.0 = Release|x64
		{D8830D23-CF49-497E-8883-832EC758DE98}.Release|x86.ActiveCfg = Release|Win32
		{D8830D23-CF49-497E-8883-832EC758DE98}.Release|x86.Build.0 = Release|Win32
		{D8830D23-CF49-497E-8883-832EC758DE98}.Simulation|ARM.ActiveCfg = Simulation|x64
		{D8830D23-CF49-497E-8883-832EC758DE98}.Simulation|ARM.Build.0 = Simulation|x64
		{D8830D23-CF49-497E-8883-832EC758DE98}.Simulation|x64.ActiveCfg = Simulation|x64
		{D8830D23-CF49-497E-8883-832EC758DE98}.Simulation|x64.Build.0 = Simulation|x64
		{D8830D23-CF49-497E-8883-832EC758DE98}.Simulation|x86.ActiveCfg = Simulation|Win32
		{D8830D23-CF49-497E-8883-832EC758DE98}.Simulation|x86.Build.0 = Simulation|Win32
		{46CF2D25-6A36-4189-B59C-E4815388E554}.Debug|ARM.ActiveCfg = Debug|ARM
		{46CF2D25-6A36-4189-B59C-E4815388E554}.Debug|ARM.Build.0 = Debug|ARM
		{46CF2D25-6A36-4189-B59C-E4815388E554}.Debug|x64.ActiveCfg = Debug|x64
		{46CF2D25-6A36-4189-B59C-E4815388E554}.Debug|x64.Build.0 = Debug|x64
		{46CF2D25-6A36-4189-B59C-E4815388E554}.Debug|x86.ActiveCfg = Debug|Win32
		{46CF2D25-6A36-4189-B59C-E4815388E554}.Debug|x86.Build.0 = Debug|Win32
		{46CF2D25-6A36-4189-B59C-E4815388E554}.DebugOpteeSimulation|ARM.ActiveCfg = Debug|ARM
		{46CF2D25-6A36-4189-B59C-E4815388E554}.DebugOpteeSimulation|ARM.Build.0 = Debug|ARM
		{46CF2D25-6A36-4189-B59C-E4815388E554}.DebugOpteeSimulation|x64.ActiveCfg = Debug|x64
		{46CF2D25-6A36-4189-B59C-E4815388E554}.DebugOpteeSimulation|x64.Build.0 = Debug|x64
		{46CF2D25-6A36-4189-B59C-E4815388E554}.DebugOpteeSimulation|x86.ActiveCfg = Debug|Win32
		{46CF2D25-6A36-4189-B59C-E4815388E554}.DebugOpteeSimulation|x86.Build.0 = Debug|Win32
		{46CF2D25-6A36-4189-B59C-E4815388E554}.DebugSimulation|ARM.ActiveCfg = Debug|ARM
		{46CF2D25-6A36-4189-B59C-E4815388E554}.DebugSimulation|ARM.Build.0 = Debug|ARM
		{46CF2D25-6A36-4189-B59C-E4815388E554}.DebugSimulation|x64.ActiveCfg = Debug|x64
		{46CF2D25-6A36-4189-B59C-E4815388E554}.DebugSimulation|x64.Build.0 = Debug|x64
		{46CF2D25-6A36-4189-B59C-E4815388E554}.DebugSimulation|x86.ActiveCfg = Debug|Win32
		{46CF2D25-6A36-4189-B59C-E4815388E554}.DebugSimulation|x86.Build.0 = Debug|Win32
		{46CF2D25-6A36-4189-B59C-E4815388E554}.Prerelease|ARM.ActiveCfg = Release|ARM
		{46CF2D25-6A36-4189-B59C-E4815388E554}.Prerelease|ARM.Build.0 = Release|ARM
		{46CF2D25-6A36-4189-B59C-E4815388E554}.Prerelease|x64.ActiveCfg = Release|x64
		{46CF2D25-6A36-4189-B59C-E4815388E554}.Prerelease|x64.Build.0 = Release|x64
		{46CF2D25-6A36-4189-B59C-E4815388E554}.Prerelease|x86.ActiveCfg = Release|Win32
		{46CF2D25-6A36-4189-B59C-E4815388E554}.Prerelease|x86.Build.0 = Release|Win32
		{46CF2D25-6A36-4189-B59C-E4815388E554}.Release|ARM.ActiveCfg = Release|ARM
		{46CF2D25-6A36-4189-B59C-E4815388E554}.Release|x64.ActiveCfg = Release|x64
		{46CF2D25-6A36-4189-B59C-E4815388E554}.Release|x64.Build.0 = Release|x64
		{46CF2D25-6A36-4189-B59C-E4815388E554}.Release|x86.ActiveCfg = Release|Win32
		{46CF2D25-6A36-4189-B59C-E4815388E554}.Release|x86.Build.0 = Release|Win32
		{46CF2D25-6A36-4189-B59C-E4815388E554}.Simulation|ARM.ActiveCfg = Release|ARM
		{46CF2D25-6A36-4189-B59C-E4815388E554}.Simulation|ARM.Build.0 = Release|ARM
		{46CF2D25-6A36-4189-B59C-E4815388E554}.Simulation|x64.ActiveCfg = Release|x64
		{46CF2D25-6A36-4189-B59C-E4815388E554}.Simulation|x64.Build.0 = Release|x64
		{46CF2D25-6A36-4189-B59C-E4815388E554}.Simulation|x86.ActiveCfg = Release|Win32
		{46CF2D25-6A36-4189-B59C-E4815388E554}.Simulation|x86.Build.0 = Release|Win32
		{9B205D53-C538-4841-A7A4-EEA47C1B07C3}.Debug|ARM.ActiveCfg = Debug|ARM
		{9B205D53-C538-4841-A7A4-EEA47C1B07C3}.Debug|ARM.Build.0 = Debug|ARM
		{9B205D53-C538-4841-A7A4-EEA47C1B07C3}.Debug|x64.ActiveCfg = Debug|x64
		{9B205D53-C538-4841-A7A4-EEA47C1B07C3}.Debug|x86.ActiveCfg = Debug|Win32
		{9B205D53-C538-4841-A7A4-EEA47C1B07C3}.DebugOpteeSimulation|ARM.ActiveCfg = DebugOpteeSimulation|ARM
		{9B205D53-C538-4841-A7A4-EEA47C1B07C3}.DebugOpteeSimulation|ARM.Build.0 = DebugOpteeSimulation|ARM
		{9B205D53-C538-4841-A7A4-EEA47C1B07C3}.DebugOpteeSimulation|x64.ActiveCfg = DebugOpteeSimulation|x64
		{9B205D53-C538-4841-A7A4-EEA47C1B07C3}.DebugOpteeSimulation|x64.Build.0 = DebugOpteeSimulation|x64
		{9B205D53-C538-4841-A7A4-EEA47C1B07C3}.DebugOpteeSimulation|x86.ActiveCfg = DebugOpteeSimulation|Win32
		{9B205D53-C538-4841-A7A4-EEA47C1B07C3}.DebugOpteeSimulation|x86.Build.0 = DebugOpteeSimulation|Win32
		{9B205D53-C538-4841-A7A4-EEA47C1B07C3}.DebugSimulation|ARM.ActiveCfg = Simulation|ARM
		{9B205D53-C538-4841-A7A4-EEA47C1B07C3}.DebugSimulation|ARM.Build.0 = Simulation|ARM
		{9B205D53-C538-4841-A7A4-EEA47C1B07C3}.DebugSimulation|x64.ActiveCfg = Simulation|x64
		{9B205D53-C538-4841-A7A4-EEA47C1B07C3}.DebugSimulation|x86.ActiveCfg = Simulation|Win32
		{9B205D53-C538-4841-A7A4-EEA47C1B07C3}.Prerelease|ARM.ActiveCfg = Prerelease|ARM
		{9B205D53-C538-4841-A7A4-EEA47C1B07C3}.Prerelease|ARM.Build.0 = Prerelease|ARM
		{9B205D53-C538-4841-A7A4-EEA47C1B07C3}.Prerelease|x64.ActiveCfg = Prerelease|x64
		{9B205D53-C538-4841-A7A4-EEA47C1B07C3}.Prerelease|x86.ActiveCfg = Prerelease|Win32
		{9B205D53-C538-4841-A7A4-EEA47C1B07C3}.Release|ARM.ActiveCfg = Release|ARM
		{9B205D53-C538-4841-A7A4-EEA47C1B07C3}.Release|ARM.Build.0 = Release|ARM
		{9B205D53-C538-4841-A7A4-EEA47C1B07C3}.Release|x64.ActiveCfg = Release|x64
		{9B205D53-C538-4841-A7A4-EEA47C1B07C3}.Release|x86.ActiveCfg = Release|Win32
		{9B205D53-C538-4841-A7A4-EEA47C1B07C3}.Simulation|ARM.ActiveCfg = Simulation|ARM
		{9B205D53-C538-4841-A7A4-EEA47C1B07C3}.Simulation|ARM.Build.0 = Simulation|ARM
		{9B205D53-C538-4841-A7A4-EEA47C1B07C3}.Simulation|x64.ActiveCfg = Simulation|x64
		{9B205D53-C538-4841-A7A4-EEA47C1B07C3}.Simulation|x86.ActiveCfg = Simulation|Win32
		{E70E9F5A-6661-4298-A91E-9A9DD4AC9017}.Debug|ARM.ActiveCfg = Debug|ARM
		{E70E9F5A-6661-4298-A91E-9A9DD4AC9017}.Debug|x64.ActiveCfg = Debug|x64
		{E70E9F5A-6661-4298-A91E-9A9DD4AC9017}.Debug|x86.ActiveCfg = Debug|Win32
		{E70E9F5A-6661-4298-A91E-9A9DD4AC9017}.DebugOpteeSimulation|ARM.ActiveCfg = DebugOpteeSimulation|ARM
		{E70E9F5A-6661-4298-A91E-9A9DD4AC9017}.DebugOpteeSimulation|ARM.Build.0 = DebugOpteeSimulation|ARM
		{E70E9F5A-6661-4298-A91E-9A9DD4AC9017}.DebugOpteeSimulation|x64.ActiveCfg = DebugOpteeSimulation|x64
		{E70E9F5A-6661-4298-A91E-9A9DD4AC9017}.DebugOpteeSimulation|x64.Build.0 = DebugOpteeSimulation|x64
		{E70E9F5A-6661-4298-A91E-9A9DD4AC9017}.DebugOpteeSimulation|x86.ActiveCfg = DebugOpteeSimulation|Win32
		{E70E9F5A-6661-4298-A91E-9A9DD4AC9017}.DebugOpteeSimulation|x86.Build.0 = DebugOpteeSimulation|Win32
		{E70E9F5A-6661-4298-A91E-9A9DD4AC9017}.DebugSimulation|ARM.ActiveCfg = Simulation|ARM
		{E70E9F5A-6661-4298-A91E-9A9DD4AC9017}.DebugSimulation|x64.ActiveCfg = Simulation|x64
		{E70E9F5A-6661-4298-A91E-9A9DD4AC9017}.DebugSimulation|x86.ActiveCfg = Simulation|Win32
		{E70E9F5A-6661-4298-A91E-9A9DD4AC9017}.Prerelease|ARM.ActiveCfg = Prerelease|ARM
		{E70E9F5A-6661-4298-A91E-9A9DD4AC9017}.Prerelease|x64.ActiveCfg = Prerelease|x64
		{E70E9F5A-6661-4298-A91E-9A9DD4AC9017}.Prerelease|x86.ActiveCfg = Prerelease|Win32
		{E70E9F5A-6661-4298-A91E-9A9DD4AC9017}.Release|ARM.ActiveCfg = Release|ARM
		{E70E9F5A-6661-4298-A91E-9A9DD4AC9017}.Release|x64.ActiveCfg = Release|x64
		{E70E9F5A-6661-4298-A91E-9A9DD4AC9017}.Release|x86.ActiveCfg = Release|Win32
		{E70E9F5A-6661-4298-A91E-9A9DD4AC9017}.Simulation|ARM.ActiveCfg = Simulation|ARM
		{E70E9F5A-6661-4298-A91E-9A9DD4AC9017}.Simulation|x64.ActiveCfg = Simulation|x64
		{E70E9F5A-6661-4298-A91E-9A9DD4AC9017}.Simulation|x86.ActiveCfg = Simulation|Win32
	EndGlobalSection
	GlobalSection(SolutionProperties) = preSolution
		HideSolutionNode = FALSE
	EndGlobalSection
	GlobalSection(NestedProjects) = preSolution
		{CD46F388-593F-442C-8751-BC5F206979BA} = {186E2BC5-8D01-4A23-B973-7915BE896161}
		{B7AE03E4-CF5A-49DC-AB3D-2D8F485472B4} = {186E2BC5-8D01-4A23-B973-7915BE896161}
		{F0D6AA6E-904B-4746-A3B3-F231BADD3D27} = {48808102-01B7-4963-89AC-6ACE5D705B3A}
		{AFF02E67-1671-4004-B169-9C3AAB5CD103} = {0DCD74BE-623C-4DD7-9A48-C0B35B9C6613}
		{0FE6DBE2-2906-48D0-8D51-85007FC24777} = {0DCD74BE-623C-4DD7-9A48-C0B35B9C6613}
		{49C4946C-3A97-49F3-B1CF-A05C949A0F66} = {48808102-01B7-4963-89AC-6ACE5D705B3A}
		{12AC9341-3749-4F9E-87F8-4901B66FAE08} = {48808102-01B7-4963-89AC-6ACE5D705B3A}
		{D3C52EDD-A230-4CF1-8279-D0D111ABACF9} = {AE6D04CD-7F5D-4F1D-AB2F-F72D92A89138}
		{C2A86939-0961-4089-A706-0C1C27634186} = {AE6D04CD-7F5D-4F1D-AB2F-F72D92A89138}
		{E759EE7C-5BB2-4988-89D1-CE1C0FD623F3} = {AE6D04CD-7F5D-4F1D-AB2F-F72D92A89138}
		{48808102-01B7-4963-89AC-6ACE5D705B3A} = {DC407FAF-6C2F-4944-9AB2-83B2CB8B221C}
		{E36FB220-0859-4C67-8B98-8206EFCB0B3B} = {DC407FAF-6C2F-4944-9AB2-83B2CB8B221C}
		{4A43FD9B-A9D5-4B3B-BD06-2E87597476B5} = {E36FB220-0859-4C67-8B98-8206EFCB0B3B}
		{38AD85CB-7F69-4ADC-9835-BFD2A1A5D04E} = {E36FB220-0859-4C67-8B98-8206EFCB0B3B}
		{75DB709B-D5BF-452B-AFB9-F8F92EB8BBEC} = {E87B5688-C78B-41EE-87BC-F8AF17346670}
		{12E2E2D6-830E-4B05-B657-C858C2DE54E3} = {E87B5688-C78B-41EE-87BC-F8AF17346670}
		{C95D1877-86E1-47C0-A568-08859E619EC4} = {7C7356BB-1584-465D-92E8-82414B932870}
		{D8830D23-CF49-497E-8883-832EC758DE98} = {7C7356BB-1584-465D-92E8-82414B932870}
		{382C53A4-B048-4CB4-B5AA-4E541A2B8CD7} = {DC407FAF-6C2F-4944-9AB2-83B2CB8B221C}
		{9B205D53-C538-4841-A7A4-EEA47C1B07C3} = {382C53A4-B048-4CB4-B5AA-4E541A2B8CD7}
		{E70E9F5A-6661-4298-A91E-9A9DD4AC9017} = {382C53A4-B048-4CB4-B5AA-4E541A2B8CD7}
	EndGlobalSection
	GlobalSection(ExtensibilityGlobals) = postSolution
		SolutionGuid = {8CF7576A-AF62-48A0-8727-4E0F32CCE866}
	EndGlobalSection
EndGlobal
