<?xml version="1.0" encoding="utf-8"?>
<Project ToolsVersion="4.0" xmlns="http://schemas.microsoft.com/developer/msbuild/2003">
  <ItemGroup>
    <Filter Include="Generated Files">
      <UniqueIdentifier>{abeb0a3c-e9a5-4d9c-891b-f9de8f318390}</UniqueIdentifier>
    </Filter>
    <Filter Include="Source Files">
      <UniqueIdentifier>{803a0133-5ab4-4bed-be56-02779c5b7ce1}</UniqueIdentifier>
      <Extensions>cpp;c;edl;def;</Extensions>
    </Filter>
    <Filter Include="Header Files">
      <UniqueIdentifier>{7cb9a565-7c74-43cc-b353-86408af2f21f}</UniqueIdentifier>
      <Extensions>h;hpp;</Extensions>
    </Filter>
    <Filter Include="Resource Files">
      <UniqueIdentifier>{0d130ed8-1db8-4439-b534-dce18a68257a}</UniqueIdentifier>
      <Extensions>rc;xml;pem;</Extensions>
    </Filter>
  </ItemGroup>
  <ItemGroup>
    <ClCompile Include="TcpsSdkTestTA_t.c">
      <Filter>Generated Files</Filter>
    </ClCompile>
    <ClCompile Include="TcpsSdkTestTA.c">
      <Filter>Source Files</Filter>
    </ClCompile>
    <ClCompile Include="OETestTA.c">
      <Filter>Source Files</Filter>
    </ClCompile>
    <ClCompile Include="TcpsCalls_t.c">
      <Filter>Generated Files</Filter>
    </ClCompile>
  </ItemGroup>
  <ItemGroup>
    <ClInclude Include="TcpsSdkTestTA_t.h">
      <Filter>Generated Files</Filter>
    </ClInclude>
    <ClInclude Include="TcpsCalls_t.h">
      <Filter>Generated Files</Filter>
    </ClInclude>
  </ItemGroup>
  <ItemGroup>
    <None Include="TcpsSdkTestTA_private.pem">
      <Filter>Resource Files</Filter>
    </None>
  </ItemGroup>
  <ItemGroup>
    <Xml Include="TcpsSdkTestTA.config.xml">
      <Filter>Resource Files</Filter>
    </Xml>
  </ItemGroup>
  <ItemGroup>
    <CustomBuild Include="..\TcpsSdkTestTA.edl">
      <Filter>Source Files</Filter>
    </CustomBuild>
    <CustomBuild Include="..\..\Inc\TcpsCalls.edl">
      <Filter>Source Files</Filter>
    </CustomBuild>
  </ItemGroup>
</Project>