<?xml version="1.0" encoding="utf-8"?>
<Project ToolsVersion="4.0" xmlns="http://schemas.microsoft.com/developer/msbuild/2003">
  <ItemGroup>
    <ClCompile Include="ufiles.c" />
    <ClCompile Include="uhelper.c" />
    <ClCompile Include="uTcpsFileOcalls.c" />
    <ClCompile Include="$(ProjectKaylaDir)driver\TrEE\OpteeCalls\OpteeCalls.c" />
    <ClCompile Include="urpc-optee.c">
      <Filter>OP-TEE</Filter>
    </ClCompile>
    <ClCompile Include="usockets.c" />
    <ClCompile Include="teehost-sgx.c">
      <Filter>SGX</Filter>
    </ClCompile>
    <ClCompile Include="teehost-optee.c">
      <Filter>OP-TEE</Filter>
    </ClCompile>
    <ClCompile Include="..\..\buffer.c" />
    <ClCompile Include="..\..\oeresult.c" />
    <ClCompile Include="..\..\oeshim-common.c" />
    <ClCompile Include="..\oeshim_u.c" />
    <ClCompile Include="..\uhelper-shared.c" />
    <ClCompile Include="..\uProtectedFs-optee.c" />
    <ClCompile Include="..\uTcpsFileOcalls-shared.c" />
    <ClCompile Include="..\oeoverintelsgx_u.c">
      <Filter>Generated Files</Filter>
    </ClCompile>
    <ClCompile Include="..\urpc-sgx.c">
      <Filter>SGX</Filter>
    </ClCompile>
    <ClCompile Include="..\socket_u.c">
      <Filter>Generated Files</Filter>
    </ClCompile>
  </ItemGroup>
  <ItemGroup>
    <ClInclude Include="$(ProjectKaylaDir)driver\TrEE\OpteeCalls\targetver.h" />
    <ClInclude Include="..\oeoverintelsgx_u.h">
      <Filter>Generated Files</Filter>
    </ClInclude>
    <ClInclude Include="..\socket_args.h">
      <Filter>Generated Files</Filter>
    </ClInclude>
    <ClInclude Include="..\socket_u.h">
      <Filter>Generated Files</Filter>
    </ClInclude>
  </ItemGroup>
  <ItemGroup>
    <Filter Include="Generated Files">
      <UniqueIdentifier>{d941226f-24f9-4141-871d-8539e8884dbd}</UniqueIdentifier>
    </Filter>
    <Filter Include="SGX">
      <UniqueIdentifier>{afcfeebc-c563-42d0-958d-9fcea35c2942}</UniqueIdentifier>
    </Filter>
    <Filter Include="OpenEnclave">
      <UniqueIdentifier>{347fd50b-0194-4845-b544-23adc10ed643}</UniqueIdentifier>
    </Filter>
    <Filter Include="OP-TEE">
      <UniqueIdentifier>{54ad9c6f-2df0-4344-8ef7-80fb1a2c82a6}</UniqueIdentifier>
    </Filter>
  </ItemGroup>
  <ItemGroup>
    <None Include="..\..\TcpsFile.edl" />
  </ItemGroup>
  <ItemGroup>
    <CustomBuild Include="..\..\oeoverintelsgx.edl" />
    <CustomBuild Include="..\..\..\..\include\openenclave\socket.edl" />
  </ItemGroup>
</Project>
