<?xml version="1.0" encoding="utf-8"?>
<Project ToolsVersion="4.0" xmlns="http://schemas.microsoft.com/developer/msbuild/2003">
  <ItemGroup>
    <Filter Include="optee">
      <UniqueIdentifier>{07c35a2f-e697-4d54-a752-93240faf934b}</UniqueIdentifier>
    </Filter>
    <Filter Include="sgx">
      <UniqueIdentifier>{5579f832-d3b9-4d14-bfb2-d109e5808a34}</UniqueIdentifier>
    </Filter>
    <Filter Include="GeneratedFiles">
      <UniqueIdentifier>{320148f5-bb31-46ab-a5f3-6bae1f158749}</UniqueIdentifier>
    </Filter>
    <Filter Include="common">
      <UniqueIdentifier>{743ac63d-2f85-49d4-ac67-53d172f7c58e}</UniqueIdentifier>
    </Filter>
    <Filter Include="common\riot">
      <UniqueIdentifier>{85dba034-dc61-4193-8477-d4d02d426361}</UniqueIdentifier>
    </Filter>
  </ItemGroup>
  <ItemGroup>
    <ClCompile Include="CallbackHelper.c">
      <Filter>common</Filter>
    </ClCompile>
    <ClCompile Include="keygen.c">
      <Filter>common</Filter>
    </ClCompile>
    <ClCompile Include="optee\rand_optee.c">
      <Filter>optee</Filter>
    </ClCompile>
    <ClCompile Include="cborhelper.c">
      <Filter>common</Filter>
    </ClCompile>
    <ClCompile Include="Io.c">
      <Filter>common</Filter>
    </ClCompile>
    <ClCompile Include="..\buffer.c">
      <Filter>common</Filter>
    </ClCompile>
    <ClCompile Include="oeoverintelsgx_t.c">
      <Filter>GeneratedFiles</Filter>
    </ClCompile>
    <ClCompile Include="..\..\..\3rdparty\RIoT\CyReP\RiotAes128.c">
      <Filter>common\riot</Filter>
    </ClCompile>
    <ClCompile Include="..\..\..\3rdparty\RIoT\CyReP\RiotAesTables.c">
      <Filter>common\riot</Filter>
    </ClCompile>
    <ClCompile Include="..\..\..\3rdparty\RIoT\CyReP\RiotBase64.c">
      <Filter>common\riot</Filter>
    </ClCompile>
    <ClCompile Include="..\..\..\3rdparty\RIoT\CyReP\RiotCrypt.c">
      <Filter>common\riot</Filter>
    </ClCompile>
    <ClCompile Include="..\..\..\3rdparty\RIoT\CyReP\RiotEcc.c">
      <Filter>common\riot</Filter>
    </ClCompile>
    <ClCompile Include="..\..\..\3rdparty\RIoT\CyReP\RiotHmac.c">
      <Filter>common\riot</Filter>
    </ClCompile>
    <ClCompile Include="..\..\..\3rdparty\RIoT\CyReP\RiotKdf.c">
      <Filter>common\riot</Filter>
    </ClCompile>
    <ClCompile Include="..\..\..\3rdparty\RIoT\CyReP\RiotSha256.c">
      <Filter>common\riot</Filter>
    </ClCompile>
    <ClCompile Include="..\..\..\3rdparty\RIoT\CyReP\RiotX509Bldr.c">
      <Filter>common\riot</Filter>
    </ClCompile>
    <ClCompile Include="..\..\..\3rdparty\RIoT\CyReP\RiotDerEnc.c">
      <Filter>common\riot</Filter>
    </ClCompile>
    <ClCompile Include="..\oeresult.c">
      <Filter>common</Filter>
    </ClCompile>
    <ClCompile Include="sgx\keygen_sgx.c">
      <Filter>sgx</Filter>
    </ClCompile>
    <ClCompile Include="sgx\strings_sgx.c">
      <Filter>sgx</Filter>
    </ClCompile>
    <ClCompile Include="sgx\time_sgx.c">
      <Filter>sgx</Filter>
    </ClCompile>
    <ClCompile Include="sgx\trpc_sgx.c">
      <Filter>sgx</Filter>
    </ClCompile>
    <ClCompile Include="sgx\log_sgx.c">
      <Filter>sgx</Filter>
    </ClCompile>
    <ClCompile Include="optee\ctype_optee.c">
      <Filter>optee</Filter>
    </ClCompile>
    <ClCompile Include="optee\except_optee.c">
      <Filter>optee</Filter>
    </ClCompile>
    <ClCompile Include="optee\cyres_optee.c">
      <Filter>optee</Filter>
    </ClCompile>
    <ClCompile Include="optee\keygen_optee.c">
      <Filter>optee</Filter>
    </ClCompile>
    <ClCompile Include="optee\strings_optee.c">
      <Filter>optee</Filter>
    </ClCompile>
    <ClCompile Include="optee\time_optee.c">
      <Filter>optee</Filter>
    </ClCompile>
    <ClCompile Include="optee\trpc_optee.c">
      <Filter>optee</Filter>
    </ClCompile>
    <ClCompile Include="string_t.c">
      <Filter>common</Filter>
    </ClCompile>
    <ClCompile Include="logapp.c">
      <Filter>common</Filter>
    </ClCompile>
    <ClCompile Include="log_ocall_file.c">
      <Filter>common</Filter>
    </ClCompile>
    <ClCompile Include="..\..\..\3rdparty\RIoT\CyReP\RiotAes128.c">
      <Filter>common\riot</Filter>
    </ClCompile>
    <ClCompile Include="..\..\..\3rdparty\RIoT\CyReP\RiotAesTables.c">
      <Filter>common\riot</Filter>
    </ClCompile>
    <ClCompile Include="..\..\..\3rdparty\RIoT\CyReP\RiotBase64.c">
      <Filter>common\riot</Filter>
    </ClCompile>
    <ClCompile Include="..\..\..\3rdparty\RIoT\CyReP\RiotCrypt.c">
      <Filter>common\riot</Filter>
    </ClCompile>
    <ClCompile Include="..\..\..\3rdparty\RIoT\CyReP\RiotEcc.c">
      <Filter>common\riot</Filter>
    </ClCompile>
    <ClCompile Include="..\..\..\3rdparty\RIoT\CyReP\RiotHmac.c">
      <Filter>common\riot</Filter>
    </ClCompile>
    <ClCompile Include="..\..\..\3rdparty\RIoT\CyReP\RiotKdf.c">
      <Filter>common\riot</Filter>
    </ClCompile>
    <ClCompile Include="..\..\..\3rdparty\RIoT\CyReP\RiotSha256.c">
      <Filter>common\riot</Filter>
    </ClCompile>
    <ClCompile Include="..\..\..\3rdparty\RIoT\CyReP\RiotX509Bldr.c">
      <Filter>common\riot</Filter>
    </ClCompile>
    <ClCompile Include="..\..\..\3rdparty\RIoT\CyReP\RiotDerEnc.c">
      <Filter>common\riot</Filter>
    </ClCompile>
    <ClCompile Include="optee\oeresult_optee.c">
      <Filter>optee</Filter>
    </ClCompile>
    <ClCompile Include="optee\report_optee.c">
      <Filter>optee</Filter>
    </ClCompile>
    <ClCompile Include="sgx\report_sgx.c">
      <Filter>sgx</Filter>
    </ClCompile>
    <ClCompile Include="..\sgx_common.c">
      <Filter>sgx</Filter>
    </ClCompile>
    <ClCompile Include="..\optee_common.c">
      <Filter>optee</Filter>
    </ClCompile>
    <ClCompile Include="files_enc.c">
      <Filter>common</Filter>
    </ClCompile>
    <ClCompile Include="socket_enc.c">
      <Filter>common</Filter>
    </ClCompile>
    <ClCompile Include="oeinternal_t.c">
      <Filter>GeneratedFiles</Filter>
    </ClCompile>
    <ClCompile Include="oeshim_enc.c">
      <Filter>common</Filter>
    </ClCompile>
  </ItemGroup>
  <ItemGroup>
    <None Include="optee\linux_gcc.mak">
      <Filter>optee</Filter>
    </None>
    <None Include="optee\sub.mk">
      <Filter>optee</Filter>
    </None>
  </ItemGroup>
  <ItemGroup>
    <ClInclude Include="rand_optee.h">
      <Filter>optee</Filter>
    </ClInclude>
    <ClInclude Include="oeoverintelsgx_t.h">
      <Filter>GeneratedFiles</Filter>
    </ClInclude>
    <ClInclude Include="errno.h">
      <Filter>common</Filter>
    </ClInclude>
    <ClInclude Include="math.h">
      <Filter>common</Filter>
    </ClInclude>
    <ClInclude Include="netdb.h">
      <Filter>common</Filter>
    </ClInclude>
    <ClInclude Include="oeenclave.h">
      <Filter>common</Filter>
    </ClInclude>
    <ClInclude Include="cborhelper.h">
      <Filter>common</Filter>
    </ClInclude>
    <ClInclude Include="sgx\tcps_settings.h">
      <Filter>sgx</Filter>
    </ClInclude>
    <ClInclude Include="..\..\include\optee\cyrep-optee.h">
      <Filter>optee</Filter>
    </ClInclude>
    <ClInclude Include="sgx\log_sgx.h">
      <Filter>sgx</Filter>
    </ClInclude>
    <ClInclude Include="..\..\include\optee\ctype_optee_t.h">
      <Filter>optee</Filter>
    </ClInclude>
    <ClInclude Include="..\..\include\optee\string_optee_t.h">
      <Filter>optee</Filter>
    </ClInclude>
    <ClInclude Include="..\..\include\optee\time_optee_t.h">
      <Filter>optee</Filter>
    </ClInclude>
    <ClInclude Include="oeinternal_args.h">
      <Filter>GeneratedFiles</Filter>
    </ClInclude>
    <ClInclude Include="oeinternal_t.h">
      <Filter>GeneratedFiles</Filter>
    </ClInclude>
  </ItemGroup>
  <ItemGroup>
    <CustomBuild Include="..\oeoverintelsgx.edl">
      <Filter>common</Filter>
    </CustomBuild>
    <CustomBuild Include="..\oeinternal.edl">
      <Filter>common</Filter>
    </CustomBuild>
  </ItemGroup>
</Project>